// !$*UTF8*$!
{
	archiveVersion = 1;
	classes = {
	};
	objectVersion = 52;
	objects = {

/* Begin PBXBuildFile section */
		481462F826C902C800431960 /* Map+BasicInformation.swift in Sources */ = {isa = PBXBuildFile; fileRef = 481462F726C902C800431960 /* Map+BasicInformation.swift */; };
		481462FA26C902D800431960 /* Config.swift in Sources */ = {isa = PBXBuildFile; fileRef = 481462F926C902D800431960 /* Config.swift */; };
		481462FC26C902E800431960 /* Map+ID.swift in Sources */ = {isa = PBXBuildFile; fileRef = 481462FB26C902E800431960 /* Map+ID.swift */; };
		4814630026C9041200431960 /* Map+About+Summary.swift in Sources */ = {isa = PBXBuildFile; fileRef = 481462FF26C9041200431960 /* Map+About+Summary.swift */; };
		4814630226C904D000431960 /* Map+Loader.swift in Sources */ = {isa = PBXBuildFile; fileRef = 4814630126C904D000431960 /* Map+Loader.swift */; };
		4814630626C9054900431960 /* Map+Loader+Reader.swift in Sources */ = {isa = PBXBuildFile; fileRef = 4814630526C9054900431960 /* Map+Loader+Reader.swift */; };
		481BDF6526C5942000C5E335 /* HoMM3SwiftUIApp.swift in Sources */ = {isa = PBXBuildFile; fileRef = 481BDF6426C5942000C5E335 /* HoMM3SwiftUIApp.swift */; };
		481BDF6726C5942000C5E335 /* ContentView.swift in Sources */ = {isa = PBXBuildFile; fileRef = 481BDF6626C5942000C5E335 /* ContentView.swift */; };
		481BDF6926C5942200C5E335 /* Assets.xcassets in Resources */ = {isa = PBXBuildFile; fileRef = 481BDF6826C5942200C5E335 /* Assets.xcassets */; };
		481BDF6C26C5942200C5E335 /* Preview Assets.xcassets in Resources */ = {isa = PBXBuildFile; fileRef = 481BDF6B26C5942200C5E335 /* Preview Assets.xcassets */; };
		481BDFA026C6A4F000C5E335 /* FailingMapTests.swift in Sources */ = {isa = PBXBuildFile; fileRef = 481BDF9F26C6A4F000C5E335 /* FailingMapTests.swift */; };
		483A2D9226DFBE2500EAC052 /* Artifact+ID+CustomDebugStringConvertible.swift in Sources */ = {isa = PBXBuildFile; fileRef = 483A2D9126DFBE2500EAC052 /* Artifact+ID+CustomDebugStringConvertible.swift */; };
		483A2D9426DFC81E00EAC052 /* CreaturesOnMapTests.swift in Sources */ = {isa = PBXBuildFile; fileRef = 483A2D9326DFC81E00EAC052 /* CreaturesOnMapTests.swift */; };
		483A2D9626E002A400EAC052 /* ArtifactsOnMapTests.swift in Sources */ = {isa = PBXBuildFile; fileRef = 483A2D9526E002A400EAC052 /* ArtifactsOnMapTests.swift */; };
		483A2D9826E0140500EAC052 /* creatures-cyon-modified.h3m in Resources */ = {isa = PBXBuildFile; fileRef = 483A2D9726E0140500EAC052 /* creatures-cyon-modified.h3m */; };
		487AF96826D7B9C30073277F /* Hero+ID+HeroClass.swift in Sources */ = {isa = PBXBuildFile; fileRef = 487AF96726D7B9C30073277F /* Hero+ID+HeroClass.swift */; };
		487AF96B26D9131C0073277F /* SucceedingMapTests.swift in Sources */ = {isa = PBXBuildFile; fileRef = 487AF96A26D9131C0073277F /* SucceedingMapTests.swift */; };
		487AF96E26D91CB60073277F /* Map+Loader+Parser+H3M+Object+RandomDwelling.swift in Sources */ = {isa = PBXBuildFile; fileRef = 487AF96C26D91CA70073277F /* Map+Loader+Parser+H3M+Object+RandomDwelling.swift */; };
		487AF97126D928340073277F /* Map+Loader+Parser+H3M+Object+PandorasBox.swift in Sources */ = {isa = PBXBuildFile; fileRef = 487AF96F26D928310073277F /* Map+Loader+Parser+H3M+Object+PandorasBox.swift */; };
		487AF97326DA1A080073277F /* Map+Loader+Parser+H3M+AdditionalInfo.swift in Sources */ = {isa = PBXBuildFile; fileRef = 487AF97226DA1A080073277F /* Map+Loader+Parser+H3M+AdditionalInfo.swift */; };
		487AF97526DA1B260073277F /* Map+AdditionalInformation.swift in Sources */ = {isa = PBXBuildFile; fileRef = 487AF97426DA1B260073277F /* Map+AdditionalInformation.swift */; };
		487AF97726DA1B790073277F /* H3M+Parse+PlayersInfo.swift in Sources */ = {isa = PBXBuildFile; fileRef = 487AF97626DA1B790073277F /* H3M+Parse+PlayersInfo.swift */; };
		487AF97B26DA23500073277F /* H3M+Parse+CustomHeroes.swift in Sources */ = {isa = PBXBuildFile; fileRef = 487AF97A26DA23500073277F /* H3M+Parse+CustomHeroes.swift */; };
		487AF97D26DC036C0073277F /* H3M+Parse+Inspector.swift in Sources */ = {isa = PBXBuildFile; fileRef = 487AF97C26DC036C0073277F /* H3M+Parse+Inspector.swift */; };
		487AF98026DC039A0073277F /* H3M+Parse+Inspector+PlayersInfo.swift in Sources */ = {isa = PBXBuildFile; fileRef = 487AF97F26DC039A0073277F /* H3M+Parse+Inspector+PlayersInfo.swift */; };
		487AF98226DC03B70073277F /* H3M+Parse+Inspector+AdditionalInfo.swift in Sources */ = {isa = PBXBuildFile; fileRef = 487AF98126DC03B70073277F /* H3M+Parse+Inspector+AdditionalInfo.swift */; };
		487AF98426DC049F0073277F /* H3M+Parse+Inspector+BasicInfo.swift in Sources */ = {isa = PBXBuildFile; fileRef = 487AF98326DC049F0073277F /* H3M+Parse+Inspector+BasicInfo.swift */; };
		487AF9A226DF5CBF0073277F /* town-spells-1-3.h3m in Resources */ = {isa = PBXBuildFile; fileRef = 487AF99026DF5CBF0073277F /* town-spells-1-3.h3m */; };
		487AF9A326DF5CBF0073277F /* town-events.h3m in Resources */ = {isa = PBXBuildFile; fileRef = 487AF99126DF5CBF0073277F /* town-events.h3m */; };
		487AF9A426DF5CBF0073277F /* monsters.h3m in Resources */ = {isa = PBXBuildFile; fileRef = 487AF99226DF5CBF0073277F /* monsters.h3m */; };
		487AF9A526DF5CBF0073277F /* garrison.h3m in Resources */ = {isa = PBXBuildFile; fileRef = 487AF99326DF5CBF0073277F /* garrison.h3m */; };
		487AF9A626DF5CBF0073277F /* town-spells-4-5.h3m in Resources */ = {isa = PBXBuildFile; fileRef = 487AF99426DF5CBF0073277F /* town-spells-4-5.h3m */; };
		487AF9A726DF5CBF0073277F /* seers-hut.h3m in Resources */ = {isa = PBXBuildFile; fileRef = 487AF99526DF5CBF0073277F /* seers-hut.h3m */; };
		487AF9A826DF5CBF0073277F /* events.h3m in Resources */ = {isa = PBXBuildFile; fileRef = 487AF99626DF5CBF0073277F /* events.h3m */; };
		487AF9A926DF5CBF0073277F /* secondary-skills.h3m in Resources */ = {isa = PBXBuildFile; fileRef = 487AF99726DF5CBF0073277F /* secondary-skills.h3m */; };
		487AF9AA26DF5CBF0073277F /* witch-hut.h3m in Resources */ = {isa = PBXBuildFile; fileRef = 487AF99826DF5CBF0073277F /* witch-hut.h3m */; };
		487AF9AB26DF5CBF0073277F /* resources.h3m in Resources */ = {isa = PBXBuildFile; fileRef = 487AF99926DF5CBF0073277F /* resources.h3m */; };
		487AF9AC26DF5CBF0073277F /* pandora-box.h3m in Resources */ = {isa = PBXBuildFile; fileRef = 487AF99A26DF5CBF0073277F /* pandora-box.h3m */; };
		487AF9AD26DF5CBF0073277F /* random-RoE.h3m in Resources */ = {isa = PBXBuildFile; fileRef = 487AF99B26DF5CBF0073277F /* random-RoE.h3m */; };
		487AF9AE26DF5CBF0073277F /* scholar.h3m in Resources */ = {isa = PBXBuildFile; fileRef = 487AF99C26DF5CBF0073277F /* scholar.h3m */; };
		487AF9AF26DF5CBF0073277F /* random-AB.h3m in Resources */ = {isa = PBXBuildFile; fileRef = 487AF99D26DF5CBF0073277F /* random-AB.h3m */; };
		487AF9B026DF5CBF0073277F /* dwelling.h3m in Resources */ = {isa = PBXBuildFile; fileRef = 487AF99E26DF5CBF0073277F /* dwelling.h3m */; };
		487AF9B126DF5CBF0073277F /* random-SoD.h3m in Resources */ = {isa = PBXBuildFile; fileRef = 487AF99F26DF5CBF0073277F /* random-SoD.h3m */; };
		487AF9B326DF5CBF0073277F /* artifacts.h3m in Resources */ = {isa = PBXBuildFile; fileRef = 487AF9A126DF5CBF0073277F /* artifacts.h3m */; };
		487AF9B726DF6DFA0073277F /* BaseMapTest.swift in Sources */ = {isa = PBXBuildFile; fileRef = 487AF9B626DF6DFA0073277F /* BaseMapTest.swift */; };
		487C2B8026C9066600031505 /* Map+Loader+Cache.swift in Sources */ = {isa = PBXBuildFile; fileRef = 487C2B7D26C9066500031505 /* Map+Loader+Cache.swift */; };
		487C2B8126C9066600031505 /* Map+Loader+Parser.swift in Sources */ = {isa = PBXBuildFile; fileRef = 487C2B7F26C9066600031505 /* Map+Loader+Parser.swift */; };
		487C2B8426C936D600031505 /* Map+ID+KnownMaps.swift in Sources */ = {isa = PBXBuildFile; fileRef = 487C2B8326C936D600031505 /* Map+ID+KnownMaps.swift */; };
		487C2B8826CA950100031505 /* Map+Format.swift in Sources */ = {isa = PBXBuildFile; fileRef = 487C2B8726CA950100031505 /* Map+Format.swift */; };
		487C2B8B26CA952700031505 /* Map+Loader+Parser+H3M.swift in Sources */ = {isa = PBXBuildFile; fileRef = 487C2B8A26CA952700031505 /* Map+Loader+Parser+H3M.swift */; };
		487C2B8D26CA988E00031505 /* Map+VictoryLossConditions.swift in Sources */ = {isa = PBXBuildFile; fileRef = 487C2B8C26CA988E00031505 /* Map+VictoryLossConditions.swift */; };
		487C2B8F26CA98DC00031505 /* Map+AllowedHeroes.swift in Sources */ = {isa = PBXBuildFile; fileRef = 487C2B8E26CA98DC00031505 /* Map+AllowedHeroes.swift */; };
		487C2B9226CA9B5900031505 /* DataReader.swift in Sources */ = {isa = PBXBuildFile; fileRef = 487C2B9126CA9B5900031505 /* DataReader.swift */; };
		487C2B9526CA9D9200031505 /* Gzip in Frameworks */ = {isa = PBXBuildFile; productRef = 487C2B9426CA9D9200031505 /* Gzip */; };
		487C2B9726CAD1E400031505 /* Hero.swift in Sources */ = {isa = PBXBuildFile; fileRef = 487C2B9626CAD1E400031505 /* Hero.swift */; };
		487C2B9926CAD1F800031505 /* Position.swift in Sources */ = {isa = PBXBuildFile; fileRef = 487C2B9826CAD1F800031505 /* Position.swift */; };
		487C2B9B26CAD21000031505 /* Faction.swift in Sources */ = {isa = PBXBuildFile; fileRef = 487C2B9A26CAD20F00031505 /* Faction.swift */; };
		487C2B9D26CAD21F00031505 /* AITactic.swift in Sources */ = {isa = PBXBuildFile; fileRef = 487C2B9C26CAD21F00031505 /* AITactic.swift */; };
		487C2B9F26CAD22900031505 /* Difficulty.swift in Sources */ = {isa = PBXBuildFile; fileRef = 487C2B9E26CAD22900031505 /* Difficulty.swift */; };
		487C2BA126CAD23600031505 /* PlayerColor.swift in Sources */ = {isa = PBXBuildFile; fileRef = 487C2BA026CAD23600031505 /* PlayerColor.swift */; };
		487C2BA326CAD48900031505 /* Size.swift in Sources */ = {isa = PBXBuildFile; fileRef = 487C2BA226CAD48900031505 /* Size.swift */; };
		487C2BA526CB8EC700031505 /* Map+VictoryCondition.swift in Sources */ = {isa = PBXBuildFile; fileRef = 487C2BA426CB8EC700031505 /* Map+VictoryCondition.swift */; };
		487C2BA726CB94CA00031505 /* Resource.swift in Sources */ = {isa = PBXBuildFile; fileRef = 487C2BA626CB94CA00031505 /* Resource.swift */; };
		487C2BA926CB94D900031505 /* Creature.swift in Sources */ = {isa = PBXBuildFile; fileRef = 487C2BA826CB94D900031505 /* Creature.swift */; };
		487C2BAB26CB94E600031505 /* Artifact.swift in Sources */ = {isa = PBXBuildFile; fileRef = 487C2BAA26CB94E600031505 /* Artifact.swift */; };
		487C2BAD26CB951500031505 /* Map+LossCondition.swift in Sources */ = {isa = PBXBuildFile; fileRef = 487C2BAC26CB951500031505 /* Map+LossCondition.swift */; };
		487C2BAF26CB9B5700031505 /* Map+TeamInfo.swift in Sources */ = {isa = PBXBuildFile; fileRef = 487C2BAE26CB9B5700031505 /* Map+TeamInfo.swift */; };
		487C2BB126CB9B9A00031505 /* Map+PlayersInfo.swift in Sources */ = {isa = PBXBuildFile; fileRef = 487C2BB026CB9B9A00031505 /* Map+PlayersInfo.swift */; };
		487C2BB326CB9BC500031505 /* Map+Decrompress.swift in Sources */ = {isa = PBXBuildFile; fileRef = 487C2BB226CB9BC500031505 /* Map+Decrompress.swift */; };
		487C2BB526CC2E8500031505 /* HeroIDTests.swift in Sources */ = {isa = PBXBuildFile; fileRef = 487C2BB426CC2E8500031505 /* HeroIDTests.swift */; };
		487C2BB926CC2F2600031505 /* Hero+ID.swift in Sources */ = {isa = PBXBuildFile; fileRef = 487C2BB726CC2F2300031505 /* Hero+ID.swift */; };
		487C2BC226CCCCD900031505 /* BitArray.swift in Sources */ = {isa = PBXBuildFile; fileRef = 487C2BC126CCCCD900031505 /* BitArray.swift */; };
		487C2BC426CCEDF600031505 /* Map.swift in Sources */ = {isa = PBXBuildFile; fileRef = 487C2BC326CCEDF600031505 /* Map.swift */; };
		487C2BC626CCF5B700031505 /* CRC32Checksum.swift in Sources */ = {isa = PBXBuildFile; fileRef = 487C2BC526CCF5B700031505 /* CRC32Checksum.swift */; };
		487C2BCB26CCF6A600031505 /* CRC32Tests.swift in Sources */ = {isa = PBXBuildFile; fileRef = 487C2BCA26CCF6A600031505 /* CRC32Tests.swift */; };
		487C2BCE26CD327C00031505 /* Integers+RepeatNTimes.swift in Sources */ = {isa = PBXBuildFile; fileRef = 487C2BCD26CD327C00031505 /* Integers+RepeatNTimes.swift */; };
		487C2BD326CD334800031505 /* Map+Loader+Parser+H3M+Error.swift in Sources */ = {isa = PBXBuildFile; fileRef = 487C2BD226CD334800031505 /* Map+Loader+Parser+H3M+Error.swift */; };
		487C2BD526CD335D00031505 /* Map+AdditionalInfo+CustomHero.swift in Sources */ = {isa = PBXBuildFile; fileRef = 487C2BD426CD335D00031505 /* Map+AdditionalInfo+CustomHero.swift */; };
		487C2BD726CD337100031505 /* Map+AdditionalInfo+HeroSettings.swift in Sources */ = {isa = PBXBuildFile; fileRef = 487C2BD626CD337100031505 /* Map+AdditionalInfo+HeroSettings.swift */; };
		487C2BD926CD33CC00031505 /* Map+Loader+Parser+H3M+ParseBasicInfo.swift in Sources */ = {isa = PBXBuildFile; fileRef = 487C2BD826CD33CC00031505 /* Map+Loader+Parser+H3M+ParseBasicInfo.swift */; };
		487C2BDE26CD3D0200031505 /* Artifact+ID.swift in Sources */ = {isa = PBXBuildFile; fileRef = 487C2BDD26CD3D0200031505 /* Artifact+ID.swift */; };
		487C2BE026CD3D7400031505 /* ArtifactIDTests.swift in Sources */ = {isa = PBXBuildFile; fileRef = 487C2BDF26CD3D7400031505 /* ArtifactIDTests.swift */; };
		487C2BE226CD464E00031505 /* Version.swift in Sources */ = {isa = PBXBuildFile; fileRef = 487C2BE126CD464E00031505 /* Version.swift */; };
		487C2BE526CD49BA00031505 /* Spell.swift in Sources */ = {isa = PBXBuildFile; fileRef = 487C2BE426CD49BA00031505 /* Spell.swift */; };
		487C2BE726CD49CD00031505 /* Spell+ID.swift in Sources */ = {isa = PBXBuildFile; fileRef = 487C2BE626CD49CD00031505 /* Spell+ID.swift */; };
		487C2BE926CD4A4500031505 /* SpellIDTests.swift in Sources */ = {isa = PBXBuildFile; fileRef = 487C2BE826CD4A4500031505 /* SpellIDTests.swift */; };
		487C2BEC26CD746800031505 /* Hero+SecondarySkill.swift in Sources */ = {isa = PBXBuildFile; fileRef = 487C2BEB26CD746800031505 /* Hero+SecondarySkill.swift */; };
		487C2BEE26CD748000031505 /* Hero+SecondarySkill+Kind.swift in Sources */ = {isa = PBXBuildFile; fileRef = 487C2BED26CD748000031505 /* Hero+SecondarySkill+Kind.swift */; };
		487C2BF026CD748F00031505 /* Hero+SecondarySkill+Level.swift in Sources */ = {isa = PBXBuildFile; fileRef = 487C2BEF26CD748F00031505 /* Hero+SecondarySkill+Level.swift */; };
		487C2BF226CD78CF00031505 /* H3M+Parse+HeroSettings.swift in Sources */ = {isa = PBXBuildFile; fileRef = 487C2BF126CD78CF00031505 /* H3M+Parse+HeroSettings.swift */; };
		487C2BF426CD916C00031505 /* Artifact+Slot.swift in Sources */ = {isa = PBXBuildFile; fileRef = 487C2BF326CD916C00031505 /* Artifact+Slot.swift */; };
		487C2BF626CD918300031505 /* Hero+Gender.swift in Sources */ = {isa = PBXBuildFile; fileRef = 487C2BF526CD918300031505 /* Hero+Gender.swift */; };
		487C2BF926CD919B00031505 /* Hero+PrimarySkill.swift in Sources */ = {isa = PBXBuildFile; fileRef = 487C2BF826CD919B00031505 /* Hero+PrimarySkill.swift */; };
		487C2BFB26CD91AA00031505 /* Hero+PrimarySkill+Kind.swift in Sources */ = {isa = PBXBuildFile; fileRef = 487C2BFA26CD91AA00031505 /* Hero+PrimarySkill+Kind.swift */; };
		487C2BFD26CE4AC400031505 /* Map+Loader+Parser+H3M+Tiles.swift in Sources */ = {isa = PBXBuildFile; fileRef = 487C2BFC26CE4AC400031505 /* Map+Loader+Parser+H3M+Tiles.swift */; };
		487C2BFF26CECD8500031505 /* Map+AttributesOfObjects.swift in Sources */ = {isa = PBXBuildFile; fileRef = 487C2BFE26CECD8500031505 /* Map+AttributesOfObjects.swift */; };
		487C2C0126CECDA600031505 /* Map+Rumor.swift in Sources */ = {isa = PBXBuildFile; fileRef = 487C2C0026CECDA600031505 /* Map+Rumor.swift */; };
		487C2C0426CECDBB00031505 /* Map+World.swift in Sources */ = {isa = PBXBuildFile; fileRef = 487C2C0326CECDBB00031505 /* Map+World.swift */; };
		487C2C0626CECDCE00031505 /* Map+Level.swift in Sources */ = {isa = PBXBuildFile; fileRef = 487C2C0526CECDCE00031505 /* Map+Level.swift */; };
		487C2C0926CECDED00031505 /* Map+Tile.swift in Sources */ = {isa = PBXBuildFile; fileRef = 487C2C0826CECDED00031505 /* Map+Tile.swift */; };
		487C2C0B26CECE2000031505 /* Map+Tile+Terrain.swift in Sources */ = {isa = PBXBuildFile; fileRef = 487C2C0A26CECE2000031505 /* Map+Tile+Terrain.swift */; };
		487C2C0D26CECE7F00031505 /* Map+Tile+River.swift in Sources */ = {isa = PBXBuildFile; fileRef = 487C2C0C26CECE7F00031505 /* Map+Tile+River.swift */; };
		487C2C0F26CECEA600031505 /* Map+Tile+Road.swift in Sources */ = {isa = PBXBuildFile; fileRef = 487C2C0E26CECEA600031505 /* Map+Tile+Road.swift */; };
		487C2C1126CECEBC00031505 /* Map+Tile+Rotation.swift in Sources */ = {isa = PBXBuildFile; fileRef = 487C2C1026CECEBC00031505 /* Map+Tile+Rotation.swift */; };
		487C2C1426CED24F00031505 /* Map+Object.swift in Sources */ = {isa = PBXBuildFile; fileRef = 487C2C1326CED24F00031505 /* Map+Object.swift */; };
		487C2C1726CED26300031505 /* Map+Event.swift in Sources */ = {isa = PBXBuildFile; fileRef = 487C2C1626CED26300031505 /* Map+Event.swift */; };
		487C2C1926CEDD4C00031505 /* Map+Object+ID.swift in Sources */ = {isa = PBXBuildFile; fileRef = 487C2C1826CEDD4C00031505 /* Map+Object+ID.swift */; };
		487C2C1B26CF741500031505 /* Map+Object+CreatureGenerator.swift in Sources */ = {isa = PBXBuildFile; fileRef = 487C2C1A26CF741500031505 /* Map+Object+CreatureGenerator.swift */; };
		487C2C1D26CF7EA000031505 /* Map+Object+KeyColor.swift in Sources */ = {isa = PBXBuildFile; fileRef = 487C2C1C26CF7EA000031505 /* Map+Object+KeyColor.swift */; };
		487C2C1F26CF7EED00031505 /* Map+Object+CreatureBank+ID.swift in Sources */ = {isa = PBXBuildFile; fileRef = 487C2C1E26CF7EED00031505 /* Map+Object+CreatureBank+ID.swift */; };
		487C2C2226CF8B8000031505 /* Map+Object+ID+ParseFromH3M.swift in Sources */ = {isa = PBXBuildFile; fileRef = 487C2C2126CF8B8000031505 /* Map+Object+ID+ParseFromH3M.swift */; };
		487C2C2526CF913100031505 /* Creature+ID.swift in Sources */ = {isa = PBXBuildFile; fileRef = 487C2C2426CF913100031505 /* Creature+ID.swift */; };
		487C2C2726CFC69E00031505 /* Creature+Level.swift in Sources */ = {isa = PBXBuildFile; fileRef = 487C2C2626CFC69E00031505 /* Creature+Level.swift */; };
		487C2C2926CFCCD200031505 /* UInt8_Extensions.swift in Sources */ = {isa = PBXBuildFile; fileRef = 487C2C2826CFCCD200031505 /* UInt8_Extensions.swift */; };
		487C2C2B26D0EFB800031505 /* Map+Object+ID+CustomDebugStringConvertible.swift in Sources */ = {isa = PBXBuildFile; fileRef = 487C2C2A26D0EFB800031505 /* Map+Object+ID+CustomDebugStringConvertible.swift */; };
		487C2C2E26D2258800031505 /* Data+Hex.swift in Sources */ = {isa = PBXBuildFile; fileRef = 487C2C2D26D2258800031505 /* Data+Hex.swift */; };
		487C2C3326D2368D00031505 /* Map+Loader+Parser+H3M+Objects.swift in Sources */ = {isa = PBXBuildFile; fileRef = 487C2C3226D2368D00031505 /* Map+Loader+Parser+H3M+Objects.swift */; };
		487C2C3626D260DB00031505 /* Resources.swift in Sources */ = {isa = PBXBuildFile; fileRef = 487C2C3526D260DB00031505 /* Resources.swift */; };
		487C2C3826D26DC700031505 /* Map+Loader+Parser+H3M+Object+Event.swift in Sources */ = {isa = PBXBuildFile; fileRef = 487C2C3726D26DC700031505 /* Map+Loader+Parser+H3M+Object+Event.swift */; };
		487C2C3A26D26DEC00031505 /* Map+Loader+Parser+H3M+Object+Town.swift in Sources */ = {isa = PBXBuildFile; fileRef = 487C2C3926D26DEC00031505 /* Map+Loader+Parser+H3M+Object+Town.swift */; };
		487C2C3C26D3BA1200031505 /* Map+Loader+Parser+H3M+Object+Hero.swift in Sources */ = {isa = PBXBuildFile; fileRef = 487C2C3B26D3BA1200031505 /* Map+Loader+Parser+H3M+Object+Hero.swift */; };
		487C2C3E26D3DC9800031505 /* Map+Loader+Parser+H3M+Object+Monster.swift in Sources */ = {isa = PBXBuildFile; fileRef = 487C2C3D26D3DC9800031505 /* Map+Loader+Parser+H3M+Object+Monster.swift */; };
		487C2C4026D4C08900031505 /* Hero+Placeholder.swift in Sources */ = {isa = PBXBuildFile; fileRef = 487C2C3F26D4C08900031505 /* Hero+Placeholder.swift */; };
		487C2C4226D508E500031505 /* Map+Loader+Parser+H3M+CreatureStack.swift in Sources */ = {isa = PBXBuildFile; fileRef = 487C2C4126D508E500031505 /* Map+Loader+Parser+H3M+CreatureStack.swift */; };
		48BC466B26D667EE00D435F1 /* Map+Object+ID+Stripped.swift in Sources */ = {isa = PBXBuildFile; fileRef = 48BC466A26D667EE00D435F1 /* Map+Object+ID+Stripped.swift */; };
/* End PBXBuildFile section */

/* Begin PBXContainerItemProxy section */
		481BDFA226C6A4F000C5E335 /* PBXContainerItemProxy */ = {
			isa = PBXContainerItemProxy;
			containerPortal = 481BDF5926C5942000C5E335 /* Project object */;
			proxyType = 1;
			remoteGlobalIDString = 481BDF6026C5942000C5E335;
			remoteInfo = HoMM3SwiftUI;
		};
/* End PBXContainerItemProxy section */

/* Begin PBXFileReference section */
		481462F726C902C800431960 /* Map+BasicInformation.swift */ = {isa = PBXFileReference; lastKnownFileType = sourcecode.swift; path = "Map+BasicInformation.swift"; sourceTree = "<group>"; };
		481462F926C902D800431960 /* Config.swift */ = {isa = PBXFileReference; lastKnownFileType = sourcecode.swift; path = Config.swift; sourceTree = "<group>"; };
		481462FB26C902E800431960 /* Map+ID.swift */ = {isa = PBXFileReference; lastKnownFileType = sourcecode.swift; path = "Map+ID.swift"; sourceTree = "<group>"; };
		481462FF26C9041200431960 /* Map+About+Summary.swift */ = {isa = PBXFileReference; lastKnownFileType = sourcecode.swift; path = "Map+About+Summary.swift"; sourceTree = "<group>"; };
		4814630126C904D000431960 /* Map+Loader.swift */ = {isa = PBXFileReference; lastKnownFileType = sourcecode.swift; path = "Map+Loader.swift"; sourceTree = "<group>"; };
		4814630526C9054900431960 /* Map+Loader+Reader.swift */ = {isa = PBXFileReference; lastKnownFileType = sourcecode.swift; path = "Map+Loader+Reader.swift"; sourceTree = "<group>"; };
		481BDF6126C5942000C5E335 /* HoMM3SwiftUI.app */ = {isa = PBXFileReference; explicitFileType = wrapper.application; includeInIndex = 0; path = HoMM3SwiftUI.app; sourceTree = BUILT_PRODUCTS_DIR; };
		481BDF6426C5942000C5E335 /* HoMM3SwiftUIApp.swift */ = {isa = PBXFileReference; lastKnownFileType = sourcecode.swift; path = HoMM3SwiftUIApp.swift; sourceTree = "<group>"; };
		481BDF6626C5942000C5E335 /* ContentView.swift */ = {isa = PBXFileReference; lastKnownFileType = sourcecode.swift; path = ContentView.swift; sourceTree = "<group>"; };
		481BDF6826C5942200C5E335 /* Assets.xcassets */ = {isa = PBXFileReference; lastKnownFileType = folder.assetcatalog; path = Assets.xcassets; sourceTree = "<group>"; };
		481BDF6B26C5942200C5E335 /* Preview Assets.xcassets */ = {isa = PBXFileReference; lastKnownFileType = folder.assetcatalog; path = "Preview Assets.xcassets"; sourceTree = "<group>"; };
		481BDF6D26C5942200C5E335 /* Info.plist */ = {isa = PBXFileReference; lastKnownFileType = text.plist.xml; path = Info.plist; sourceTree = "<group>"; };
		481BDF6E26C5942200C5E335 /* HoMM3SwiftUI.entitlements */ = {isa = PBXFileReference; lastKnownFileType = text.plist.entitlements; path = HoMM3SwiftUI.entitlements; sourceTree = "<group>"; };
		481BDF9D26C6A4F000C5E335 /* Tests.xctest */ = {isa = PBXFileReference; explicitFileType = wrapper.cfbundle; includeInIndex = 0; path = Tests.xctest; sourceTree = BUILT_PRODUCTS_DIR; };
		481BDF9F26C6A4F000C5E335 /* FailingMapTests.swift */ = {isa = PBXFileReference; lastKnownFileType = sourcecode.swift; path = FailingMapTests.swift; sourceTree = "<group>"; };
		481BDFA126C6A4F000C5E335 /* Info.plist */ = {isa = PBXFileReference; lastKnownFileType = text.plist.xml; path = Info.plist; sourceTree = "<group>"; };
		483A2D9126DFBE2500EAC052 /* Artifact+ID+CustomDebugStringConvertible.swift */ = {isa = PBXFileReference; lastKnownFileType = sourcecode.swift; path = "Artifact+ID+CustomDebugStringConvertible.swift"; sourceTree = "<group>"; };
		483A2D9326DFC81E00EAC052 /* CreaturesOnMapTests.swift */ = {isa = PBXFileReference; lastKnownFileType = sourcecode.swift; path = CreaturesOnMapTests.swift; sourceTree = "<group>"; };
		483A2D9526E002A400EAC052 /* ArtifactsOnMapTests.swift */ = {isa = PBXFileReference; fileEncoding = 4; lastKnownFileType = sourcecode.swift; path = ArtifactsOnMapTests.swift; sourceTree = "<group>"; };
		483A2D9726E0140500EAC052 /* creatures-cyon-modified.h3m */ = {isa = PBXFileReference; lastKnownFileType = file; path = "creatures-cyon-modified.h3m"; sourceTree = "<group>"; };
		487AF96726D7B9C30073277F /* Hero+ID+HeroClass.swift */ = {isa = PBXFileReference; lastKnownFileType = sourcecode.swift; path = "Hero+ID+HeroClass.swift"; sourceTree = "<group>"; };
		487AF96A26D9131C0073277F /* SucceedingMapTests.swift */ = {isa = PBXFileReference; lastKnownFileType = sourcecode.swift; path = SucceedingMapTests.swift; sourceTree = "<group>"; };
		487AF96C26D91CA70073277F /* Map+Loader+Parser+H3M+Object+RandomDwelling.swift */ = {isa = PBXFileReference; lastKnownFileType = sourcecode.swift; path = "Map+Loader+Parser+H3M+Object+RandomDwelling.swift"; sourceTree = "<group>"; };
		487AF96F26D928310073277F /* Map+Loader+Parser+H3M+Object+PandorasBox.swift */ = {isa = PBXFileReference; lastKnownFileType = sourcecode.swift; path = "Map+Loader+Parser+H3M+Object+PandorasBox.swift"; sourceTree = "<group>"; };
		487AF97226DA1A080073277F /* Map+Loader+Parser+H3M+AdditionalInfo.swift */ = {isa = PBXFileReference; lastKnownFileType = sourcecode.swift; path = "Map+Loader+Parser+H3M+AdditionalInfo.swift"; sourceTree = "<group>"; };
		487AF97426DA1B260073277F /* Map+AdditionalInformation.swift */ = {isa = PBXFileReference; lastKnownFileType = sourcecode.swift; path = "Map+AdditionalInformation.swift"; sourceTree = "<group>"; };
		487AF97626DA1B790073277F /* H3M+Parse+PlayersInfo.swift */ = {isa = PBXFileReference; lastKnownFileType = sourcecode.swift; path = "H3M+Parse+PlayersInfo.swift"; sourceTree = "<group>"; };
		487AF97A26DA23500073277F /* H3M+Parse+CustomHeroes.swift */ = {isa = PBXFileReference; lastKnownFileType = sourcecode.swift; path = "H3M+Parse+CustomHeroes.swift"; sourceTree = "<group>"; };
		487AF97C26DC036C0073277F /* H3M+Parse+Inspector.swift */ = {isa = PBXFileReference; lastKnownFileType = sourcecode.swift; path = "H3M+Parse+Inspector.swift"; sourceTree = "<group>"; };
		487AF97F26DC039A0073277F /* H3M+Parse+Inspector+PlayersInfo.swift */ = {isa = PBXFileReference; lastKnownFileType = sourcecode.swift; path = "H3M+Parse+Inspector+PlayersInfo.swift"; sourceTree = "<group>"; };
		487AF98126DC03B70073277F /* H3M+Parse+Inspector+AdditionalInfo.swift */ = {isa = PBXFileReference; lastKnownFileType = sourcecode.swift; path = "H3M+Parse+Inspector+AdditionalInfo.swift"; sourceTree = "<group>"; };
		487AF98326DC049F0073277F /* H3M+Parse+Inspector+BasicInfo.swift */ = {isa = PBXFileReference; lastKnownFileType = sourcecode.swift; path = "H3M+Parse+Inspector+BasicInfo.swift"; sourceTree = "<group>"; };
		487AF99026DF5CBF0073277F /* town-spells-1-3.h3m */ = {isa = PBXFileReference; lastKnownFileType = file; path = "town-spells-1-3.h3m"; sourceTree = "<group>"; };
		487AF99126DF5CBF0073277F /* town-events.h3m */ = {isa = PBXFileReference; lastKnownFileType = file; path = "town-events.h3m"; sourceTree = "<group>"; };
		487AF99226DF5CBF0073277F /* monsters.h3m */ = {isa = PBXFileReference; lastKnownFileType = file; path = monsters.h3m; sourceTree = "<group>"; };
		487AF99326DF5CBF0073277F /* garrison.h3m */ = {isa = PBXFileReference; lastKnownFileType = file; path = garrison.h3m; sourceTree = "<group>"; };
		487AF99426DF5CBF0073277F /* town-spells-4-5.h3m */ = {isa = PBXFileReference; lastKnownFileType = file; path = "town-spells-4-5.h3m"; sourceTree = "<group>"; };
		487AF99526DF5CBF0073277F /* seers-hut.h3m */ = {isa = PBXFileReference; lastKnownFileType = file; path = "seers-hut.h3m"; sourceTree = "<group>"; };
		487AF99626DF5CBF0073277F /* events.h3m */ = {isa = PBXFileReference; lastKnownFileType = file; path = events.h3m; sourceTree = "<group>"; };
		487AF99726DF5CBF0073277F /* secondary-skills.h3m */ = {isa = PBXFileReference; lastKnownFileType = file; path = "secondary-skills.h3m"; sourceTree = "<group>"; };
		487AF99826DF5CBF0073277F /* witch-hut.h3m */ = {isa = PBXFileReference; lastKnownFileType = file; path = "witch-hut.h3m"; sourceTree = "<group>"; };
		487AF99926DF5CBF0073277F /* resources.h3m */ = {isa = PBXFileReference; lastKnownFileType = file; path = resources.h3m; sourceTree = "<group>"; };
		487AF99A26DF5CBF0073277F /* pandora-box.h3m */ = {isa = PBXFileReference; lastKnownFileType = file; path = "pandora-box.h3m"; sourceTree = "<group>"; };
		487AF99B26DF5CBF0073277F /* random-RoE.h3m */ = {isa = PBXFileReference; lastKnownFileType = file; path = "random-RoE.h3m"; sourceTree = "<group>"; };
		487AF99C26DF5CBF0073277F /* scholar.h3m */ = {isa = PBXFileReference; lastKnownFileType = file; path = scholar.h3m; sourceTree = "<group>"; };
		487AF99D26DF5CBF0073277F /* random-AB.h3m */ = {isa = PBXFileReference; lastKnownFileType = file; path = "random-AB.h3m"; sourceTree = "<group>"; };
		487AF99E26DF5CBF0073277F /* dwelling.h3m */ = {isa = PBXFileReference; lastKnownFileType = file; path = dwelling.h3m; sourceTree = "<group>"; };
		487AF99F26DF5CBF0073277F /* random-SoD.h3m */ = {isa = PBXFileReference; lastKnownFileType = file; path = "random-SoD.h3m"; sourceTree = "<group>"; };
		487AF9A126DF5CBF0073277F /* artifacts.h3m */ = {isa = PBXFileReference; lastKnownFileType = file; path = artifacts.h3m; sourceTree = "<group>"; };
		487AF9B626DF6DFA0073277F /* BaseMapTest.swift */ = {isa = PBXFileReference; lastKnownFileType = sourcecode.swift; path = BaseMapTest.swift; sourceTree = "<group>"; };
		487C2B7D26C9066500031505 /* Map+Loader+Cache.swift */ = {isa = PBXFileReference; fileEncoding = 4; lastKnownFileType = sourcecode.swift; path = "Map+Loader+Cache.swift"; sourceTree = "<group>"; };
		487C2B7F26C9066600031505 /* Map+Loader+Parser.swift */ = {isa = PBXFileReference; fileEncoding = 4; lastKnownFileType = sourcecode.swift; path = "Map+Loader+Parser.swift"; sourceTree = "<group>"; };
		487C2B8326C936D600031505 /* Map+ID+KnownMaps.swift */ = {isa = PBXFileReference; lastKnownFileType = sourcecode.swift; path = "Map+ID+KnownMaps.swift"; sourceTree = "<group>"; };
		487C2B8726CA950100031505 /* Map+Format.swift */ = {isa = PBXFileReference; lastKnownFileType = sourcecode.swift; path = "Map+Format.swift"; sourceTree = "<group>"; };
		487C2B8A26CA952700031505 /* Map+Loader+Parser+H3M.swift */ = {isa = PBXFileReference; lastKnownFileType = sourcecode.swift; path = "Map+Loader+Parser+H3M.swift"; sourceTree = "<group>"; };
		487C2B8C26CA988E00031505 /* Map+VictoryLossConditions.swift */ = {isa = PBXFileReference; lastKnownFileType = sourcecode.swift; path = "Map+VictoryLossConditions.swift"; sourceTree = "<group>"; };
		487C2B8E26CA98DC00031505 /* Map+AllowedHeroes.swift */ = {isa = PBXFileReference; lastKnownFileType = sourcecode.swift; path = "Map+AllowedHeroes.swift"; sourceTree = "<group>"; };
		487C2B9126CA9B5900031505 /* DataReader.swift */ = {isa = PBXFileReference; lastKnownFileType = sourcecode.swift; path = DataReader.swift; sourceTree = "<group>"; };
		487C2B9626CAD1E400031505 /* Hero.swift */ = {isa = PBXFileReference; lastKnownFileType = sourcecode.swift; path = Hero.swift; sourceTree = "<group>"; };
		487C2B9826CAD1F800031505 /* Position.swift */ = {isa = PBXFileReference; lastKnownFileType = sourcecode.swift; path = Position.swift; sourceTree = "<group>"; };
		487C2B9A26CAD20F00031505 /* Faction.swift */ = {isa = PBXFileReference; lastKnownFileType = sourcecode.swift; path = Faction.swift; sourceTree = "<group>"; };
		487C2B9C26CAD21F00031505 /* AITactic.swift */ = {isa = PBXFileReference; lastKnownFileType = sourcecode.swift; path = AITactic.swift; sourceTree = "<group>"; };
		487C2B9E26CAD22900031505 /* Difficulty.swift */ = {isa = PBXFileReference; lastKnownFileType = sourcecode.swift; path = Difficulty.swift; sourceTree = "<group>"; };
		487C2BA026CAD23600031505 /* PlayerColor.swift */ = {isa = PBXFileReference; lastKnownFileType = sourcecode.swift; path = PlayerColor.swift; sourceTree = "<group>"; };
		487C2BA226CAD48900031505 /* Size.swift */ = {isa = PBXFileReference; lastKnownFileType = sourcecode.swift; path = Size.swift; sourceTree = "<group>"; };
		487C2BA426CB8EC700031505 /* Map+VictoryCondition.swift */ = {isa = PBXFileReference; lastKnownFileType = sourcecode.swift; path = "Map+VictoryCondition.swift"; sourceTree = "<group>"; };
		487C2BA626CB94CA00031505 /* Resource.swift */ = {isa = PBXFileReference; lastKnownFileType = sourcecode.swift; path = Resource.swift; sourceTree = "<group>"; };
		487C2BA826CB94D900031505 /* Creature.swift */ = {isa = PBXFileReference; lastKnownFileType = sourcecode.swift; path = Creature.swift; sourceTree = "<group>"; };
		487C2BAA26CB94E600031505 /* Artifact.swift */ = {isa = PBXFileReference; lastKnownFileType = sourcecode.swift; path = Artifact.swift; sourceTree = "<group>"; };
		487C2BAC26CB951500031505 /* Map+LossCondition.swift */ = {isa = PBXFileReference; lastKnownFileType = sourcecode.swift; path = "Map+LossCondition.swift"; sourceTree = "<group>"; };
		487C2BAE26CB9B5700031505 /* Map+TeamInfo.swift */ = {isa = PBXFileReference; lastKnownFileType = sourcecode.swift; path = "Map+TeamInfo.swift"; sourceTree = "<group>"; };
		487C2BB026CB9B9A00031505 /* Map+PlayersInfo.swift */ = {isa = PBXFileReference; lastKnownFileType = sourcecode.swift; path = "Map+PlayersInfo.swift"; sourceTree = "<group>"; };
		487C2BB226CB9BC500031505 /* Map+Decrompress.swift */ = {isa = PBXFileReference; lastKnownFileType = sourcecode.swift; path = "Map+Decrompress.swift"; sourceTree = "<group>"; };
		487C2BB426CC2E8500031505 /* HeroIDTests.swift */ = {isa = PBXFileReference; lastKnownFileType = sourcecode.swift; path = HeroIDTests.swift; sourceTree = "<group>"; };
		487C2BB726CC2F2300031505 /* Hero+ID.swift */ = {isa = PBXFileReference; lastKnownFileType = sourcecode.swift; path = "Hero+ID.swift"; sourceTree = "<group>"; };
		487C2BC126CCCCD900031505 /* BitArray.swift */ = {isa = PBXFileReference; lastKnownFileType = sourcecode.swift; path = BitArray.swift; sourceTree = "<group>"; };
		487C2BC326CCEDF600031505 /* Map.swift */ = {isa = PBXFileReference; lastKnownFileType = sourcecode.swift; path = Map.swift; sourceTree = "<group>"; };
		487C2BC526CCF5B700031505 /* CRC32Checksum.swift */ = {isa = PBXFileReference; lastKnownFileType = sourcecode.swift; path = CRC32Checksum.swift; sourceTree = "<group>"; };
		487C2BCA26CCF6A600031505 /* CRC32Tests.swift */ = {isa = PBXFileReference; lastKnownFileType = sourcecode.swift; path = CRC32Tests.swift; sourceTree = "<group>"; };
		487C2BCD26CD327C00031505 /* Integers+RepeatNTimes.swift */ = {isa = PBXFileReference; lastKnownFileType = sourcecode.swift; path = "Integers+RepeatNTimes.swift"; sourceTree = "<group>"; };
		487C2BD226CD334800031505 /* Map+Loader+Parser+H3M+Error.swift */ = {isa = PBXFileReference; lastKnownFileType = sourcecode.swift; path = "Map+Loader+Parser+H3M+Error.swift"; sourceTree = "<group>"; };
		487C2BD426CD335D00031505 /* Map+AdditionalInfo+CustomHero.swift */ = {isa = PBXFileReference; lastKnownFileType = sourcecode.swift; path = "Map+AdditionalInfo+CustomHero.swift"; sourceTree = "<group>"; };
		487C2BD626CD337100031505 /* Map+AdditionalInfo+HeroSettings.swift */ = {isa = PBXFileReference; lastKnownFileType = sourcecode.swift; path = "Map+AdditionalInfo+HeroSettings.swift"; sourceTree = "<group>"; };
		487C2BD826CD33CC00031505 /* Map+Loader+Parser+H3M+ParseBasicInfo.swift */ = {isa = PBXFileReference; lastKnownFileType = sourcecode.swift; path = "Map+Loader+Parser+H3M+ParseBasicInfo.swift"; sourceTree = "<group>"; };
		487C2BDD26CD3D0200031505 /* Artifact+ID.swift */ = {isa = PBXFileReference; lastKnownFileType = sourcecode.swift; path = "Artifact+ID.swift"; sourceTree = "<group>"; };
		487C2BDF26CD3D7400031505 /* ArtifactIDTests.swift */ = {isa = PBXFileReference; lastKnownFileType = sourcecode.swift; path = ArtifactIDTests.swift; sourceTree = "<group>"; };
		487C2BE126CD464E00031505 /* Version.swift */ = {isa = PBXFileReference; lastKnownFileType = sourcecode.swift; path = Version.swift; sourceTree = "<group>"; };
		487C2BE426CD49BA00031505 /* Spell.swift */ = {isa = PBXFileReference; lastKnownFileType = sourcecode.swift; path = Spell.swift; sourceTree = "<group>"; };
		487C2BE626CD49CD00031505 /* Spell+ID.swift */ = {isa = PBXFileReference; lastKnownFileType = sourcecode.swift; path = "Spell+ID.swift"; sourceTree = "<group>"; };
		487C2BE826CD4A4500031505 /* SpellIDTests.swift */ = {isa = PBXFileReference; lastKnownFileType = sourcecode.swift; path = SpellIDTests.swift; sourceTree = "<group>"; };
		487C2BEB26CD746800031505 /* Hero+SecondarySkill.swift */ = {isa = PBXFileReference; lastKnownFileType = sourcecode.swift; path = "Hero+SecondarySkill.swift"; sourceTree = "<group>"; };
		487C2BED26CD748000031505 /* Hero+SecondarySkill+Kind.swift */ = {isa = PBXFileReference; lastKnownFileType = sourcecode.swift; path = "Hero+SecondarySkill+Kind.swift"; sourceTree = "<group>"; };
		487C2BEF26CD748F00031505 /* Hero+SecondarySkill+Level.swift */ = {isa = PBXFileReference; lastKnownFileType = sourcecode.swift; path = "Hero+SecondarySkill+Level.swift"; sourceTree = "<group>"; };
		487C2BF126CD78CF00031505 /* H3M+Parse+HeroSettings.swift */ = {isa = PBXFileReference; lastKnownFileType = sourcecode.swift; path = "H3M+Parse+HeroSettings.swift"; sourceTree = "<group>"; };
		487C2BF326CD916C00031505 /* Artifact+Slot.swift */ = {isa = PBXFileReference; lastKnownFileType = sourcecode.swift; path = "Artifact+Slot.swift"; sourceTree = "<group>"; };
		487C2BF526CD918300031505 /* Hero+Gender.swift */ = {isa = PBXFileReference; lastKnownFileType = sourcecode.swift; path = "Hero+Gender.swift"; sourceTree = "<group>"; };
		487C2BF826CD919B00031505 /* Hero+PrimarySkill.swift */ = {isa = PBXFileReference; lastKnownFileType = sourcecode.swift; path = "Hero+PrimarySkill.swift"; sourceTree = "<group>"; };
		487C2BFA26CD91AA00031505 /* Hero+PrimarySkill+Kind.swift */ = {isa = PBXFileReference; lastKnownFileType = sourcecode.swift; path = "Hero+PrimarySkill+Kind.swift"; sourceTree = "<group>"; };
		487C2BFC26CE4AC400031505 /* Map+Loader+Parser+H3M+Tiles.swift */ = {isa = PBXFileReference; lastKnownFileType = sourcecode.swift; path = "Map+Loader+Parser+H3M+Tiles.swift"; sourceTree = "<group>"; };
		487C2BFE26CECD8500031505 /* Map+AttributesOfObjects.swift */ = {isa = PBXFileReference; lastKnownFileType = sourcecode.swift; path = "Map+AttributesOfObjects.swift"; sourceTree = "<group>"; };
		487C2C0026CECDA600031505 /* Map+Rumor.swift */ = {isa = PBXFileReference; lastKnownFileType = sourcecode.swift; path = "Map+Rumor.swift"; sourceTree = "<group>"; };
		487C2C0326CECDBB00031505 /* Map+World.swift */ = {isa = PBXFileReference; lastKnownFileType = sourcecode.swift; path = "Map+World.swift"; sourceTree = "<group>"; };
		487C2C0526CECDCE00031505 /* Map+Level.swift */ = {isa = PBXFileReference; lastKnownFileType = sourcecode.swift; path = "Map+Level.swift"; sourceTree = "<group>"; };
		487C2C0826CECDED00031505 /* Map+Tile.swift */ = {isa = PBXFileReference; lastKnownFileType = sourcecode.swift; path = "Map+Tile.swift"; sourceTree = "<group>"; };
		487C2C0A26CECE2000031505 /* Map+Tile+Terrain.swift */ = {isa = PBXFileReference; lastKnownFileType = sourcecode.swift; path = "Map+Tile+Terrain.swift"; sourceTree = "<group>"; };
		487C2C0C26CECE7F00031505 /* Map+Tile+River.swift */ = {isa = PBXFileReference; lastKnownFileType = sourcecode.swift; path = "Map+Tile+River.swift"; sourceTree = "<group>"; };
		487C2C0E26CECEA600031505 /* Map+Tile+Road.swift */ = {isa = PBXFileReference; lastKnownFileType = sourcecode.swift; path = "Map+Tile+Road.swift"; sourceTree = "<group>"; };
		487C2C1026CECEBC00031505 /* Map+Tile+Rotation.swift */ = {isa = PBXFileReference; lastKnownFileType = sourcecode.swift; path = "Map+Tile+Rotation.swift"; sourceTree = "<group>"; };
		487C2C1326CED24F00031505 /* Map+Object.swift */ = {isa = PBXFileReference; lastKnownFileType = sourcecode.swift; path = "Map+Object.swift"; sourceTree = "<group>"; };
		487C2C1626CED26300031505 /* Map+Event.swift */ = {isa = PBXFileReference; lastKnownFileType = sourcecode.swift; path = "Map+Event.swift"; sourceTree = "<group>"; };
		487C2C1826CEDD4C00031505 /* Map+Object+ID.swift */ = {isa = PBXFileReference; lastKnownFileType = sourcecode.swift; path = "Map+Object+ID.swift"; sourceTree = "<group>"; };
		487C2C1A26CF741500031505 /* Map+Object+CreatureGenerator.swift */ = {isa = PBXFileReference; lastKnownFileType = sourcecode.swift; path = "Map+Object+CreatureGenerator.swift"; sourceTree = "<group>"; };
		487C2C1C26CF7EA000031505 /* Map+Object+KeyColor.swift */ = {isa = PBXFileReference; lastKnownFileType = sourcecode.swift; path = "Map+Object+KeyColor.swift"; sourceTree = "<group>"; };
		487C2C1E26CF7EED00031505 /* Map+Object+CreatureBank+ID.swift */ = {isa = PBXFileReference; lastKnownFileType = sourcecode.swift; path = "Map+Object+CreatureBank+ID.swift"; sourceTree = "<group>"; };
		487C2C2126CF8B8000031505 /* Map+Object+ID+ParseFromH3M.swift */ = {isa = PBXFileReference; lastKnownFileType = sourcecode.swift; path = "Map+Object+ID+ParseFromH3M.swift"; sourceTree = "<group>"; };
		487C2C2426CF913100031505 /* Creature+ID.swift */ = {isa = PBXFileReference; lastKnownFileType = sourcecode.swift; path = "Creature+ID.swift"; sourceTree = "<group>"; };
		487C2C2626CFC69E00031505 /* Creature+Level.swift */ = {isa = PBXFileReference; lastKnownFileType = sourcecode.swift; path = "Creature+Level.swift"; sourceTree = "<group>"; };
		487C2C2826CFCCD200031505 /* UInt8_Extensions.swift */ = {isa = PBXFileReference; lastKnownFileType = sourcecode.swift; path = UInt8_Extensions.swift; sourceTree = "<group>"; };
		487C2C2A26D0EFB800031505 /* Map+Object+ID+CustomDebugStringConvertible.swift */ = {isa = PBXFileReference; lastKnownFileType = sourcecode.swift; path = "Map+Object+ID+CustomDebugStringConvertible.swift"; sourceTree = "<group>"; };
		487C2C2D26D2258800031505 /* Data+Hex.swift */ = {isa = PBXFileReference; lastKnownFileType = sourcecode.swift; path = "Data+Hex.swift"; sourceTree = "<group>"; };
		487C2C3226D2368D00031505 /* Map+Loader+Parser+H3M+Objects.swift */ = {isa = PBXFileReference; lastKnownFileType = sourcecode.swift; path = "Map+Loader+Parser+H3M+Objects.swift"; sourceTree = "<group>"; };
		487C2C3526D260DB00031505 /* Resources.swift */ = {isa = PBXFileReference; lastKnownFileType = sourcecode.swift; path = Resources.swift; sourceTree = "<group>"; };
		487C2C3726D26DC700031505 /* Map+Loader+Parser+H3M+Object+Event.swift */ = {isa = PBXFileReference; lastKnownFileType = sourcecode.swift; path = "Map+Loader+Parser+H3M+Object+Event.swift"; sourceTree = "<group>"; };
		487C2C3926D26DEC00031505 /* Map+Loader+Parser+H3M+Object+Town.swift */ = {isa = PBXFileReference; lastKnownFileType = sourcecode.swift; path = "Map+Loader+Parser+H3M+Object+Town.swift"; sourceTree = "<group>"; };
		487C2C3B26D3BA1200031505 /* Map+Loader+Parser+H3M+Object+Hero.swift */ = {isa = PBXFileReference; lastKnownFileType = sourcecode.swift; path = "Map+Loader+Parser+H3M+Object+Hero.swift"; sourceTree = "<group>"; };
		487C2C3D26D3DC9800031505 /* Map+Loader+Parser+H3M+Object+Monster.swift */ = {isa = PBXFileReference; lastKnownFileType = sourcecode.swift; path = "Map+Loader+Parser+H3M+Object+Monster.swift"; sourceTree = "<group>"; };
		487C2C3F26D4C08900031505 /* Hero+Placeholder.swift */ = {isa = PBXFileReference; lastKnownFileType = sourcecode.swift; path = "Hero+Placeholder.swift"; sourceTree = "<group>"; };
		487C2C4126D508E500031505 /* Map+Loader+Parser+H3M+CreatureStack.swift */ = {isa = PBXFileReference; lastKnownFileType = sourcecode.swift; path = "Map+Loader+Parser+H3M+CreatureStack.swift"; sourceTree = "<group>"; };
		48BC466A26D667EE00D435F1 /* Map+Object+ID+Stripped.swift */ = {isa = PBXFileReference; lastKnownFileType = sourcecode.swift; path = "Map+Object+ID+Stripped.swift"; sourceTree = "<group>"; };
/* End PBXFileReference section */

/* Begin PBXFrameworksBuildPhase section */
		481BDF5E26C5942000C5E335 /* Frameworks */ = {
			isa = PBXFrameworksBuildPhase;
			buildActionMask = 2147483647;
			files = (
				487C2B9526CA9D9200031505 /* Gzip in Frameworks */,
			);
			runOnlyForDeploymentPostprocessing = 0;
		};
		481BDF9A26C6A4F000C5E335 /* Frameworks */ = {
			isa = PBXFrameworksBuildPhase;
			buildActionMask = 2147483647;
			files = (
			);
			runOnlyForDeploymentPostprocessing = 0;
		};
/* End PBXFrameworksBuildPhase section */

/* Begin PBXGroup section */
		481462F526C902B900431960 /* Backend */ = {
			isa = PBXGroup;
			children = (
				487C2BCC26CD326200031505 /* Extensions */,
				487C2BC726CCF5BB00031505 /* Algorithms */,
				487C2BC026CCCCC700031505 /* HoMM3 */,
				487C2BBF26CCCCB900031505 /* DataTypes */,
			);
			path = Backend;
			sourceTree = "<group>";
		};
		481462F626C902BF00431960 /* Map */ = {
			isa = PBXGroup;
			children = (
				487AF97E26DC037D0073277F /* H3M+Parse+Inspector */,
				487C2BCF26CD32A600031505 /* Map */,
				4814630326C9053300431960 /* Map+Loader */,
			);
			path = Map;
			sourceTree = "<group>";
		};
		4814630326C9053300431960 /* Map+Loader */ = {
			isa = PBXGroup;
			children = (
				487C2B7C26C9066500031505 /* Map+Loader+Cache */,
				487C2B7E26C9066500031505 /* Map+Loader+Parser */,
				4814630426C9053C00431960 /* Map+Loader+Reader */,
				4814630126C904D000431960 /* Map+Loader.swift */,
			);
			path = "Map+Loader";
			sourceTree = "<group>";
		};
		4814630426C9053C00431960 /* Map+Loader+Reader */ = {
			isa = PBXGroup;
			children = (
				4814630526C9054900431960 /* Map+Loader+Reader.swift */,
			);
			path = "Map+Loader+Reader";
			sourceTree = "<group>";
		};
		481BDF5826C5942000C5E335 = {
			isa = PBXGroup;
			children = (
				481BDF6326C5942000C5E335 /* Sources */,
				481BDF9E26C6A4F000C5E335 /* Tests */,
				481BDF6226C5942000C5E335 /* Products */,
			);
			sourceTree = "<group>";
		};
		481BDF6226C5942000C5E335 /* Products */ = {
			isa = PBXGroup;
			children = (
				481BDF6126C5942000C5E335 /* HoMM3SwiftUI.app */,
				481BDF9D26C6A4F000C5E335 /* Tests.xctest */,
			);
			name = Products;
			sourceTree = "<group>";
		};
		481BDF6326C5942000C5E335 /* Sources */ = {
			isa = PBXGroup;
			children = (
				481462F526C902B900431960 /* Backend */,
				481BDFA726C6A54D00C5E335 /* Frontend */,
			);
			path = Sources;
			sourceTree = "<group>";
		};
		481BDF6A26C5942200C5E335 /* Preview Content */ = {
			isa = PBXGroup;
			children = (
				481BDF6B26C5942200C5E335 /* Preview Assets.xcassets */,
			);
			path = "Preview Content";
			sourceTree = "<group>";
		};
		481BDF9E26C6A4F000C5E335 /* Tests */ = {
			isa = PBXGroup;
			children = (
				487AF98E26DF5CBF0073277F /* Resources */,
				487C2BC926CCF69400031505 /* AlgorithmTests */,
				487C2BC826CCF68A00031505 /* HoMM3Tests */,
				487C2B8226C936C900031505 /* Extensions */,
				481BDFA126C6A4F000C5E335 /* Info.plist */,
			);
			path = Tests;
			sourceTree = "<group>";
		};
		481BDFA726C6A54D00C5E335 /* Frontend */ = {
			isa = PBXGroup;
			children = (
				481BDF6426C5942000C5E335 /* HoMM3SwiftUIApp.swift */,
				481BDF6626C5942000C5E335 /* ContentView.swift */,
				481BDF6826C5942200C5E335 /* Assets.xcassets */,
				481BDF6D26C5942200C5E335 /* Info.plist */,
				481BDF6E26C5942200C5E335 /* HoMM3SwiftUI.entitlements */,
				481BDF6A26C5942200C5E335 /* Preview Content */,
			);
			path = Frontend;
			sourceTree = "<group>";
		};
		487AF96626D7B9B30073277F /* Hero+ID */ = {
			isa = PBXGroup;
			children = (
				487C2BB726CC2F2300031505 /* Hero+ID.swift */,
				487AF96726D7B9C30073277F /* Hero+ID+HeroClass.swift */,
			);
			path = "Hero+ID";
			sourceTree = "<group>";
		};
		487AF96926D9130B0073277F /* Failing */ = {
			isa = PBXGroup;
			children = (
				481BDF9F26C6A4F000C5E335 /* FailingMapTests.swift */,
			);
			path = Failing;
			sourceTree = "<group>";
		};
		487AF97826DA1FFD0073277F /* PlayersInfo */ = {
			isa = PBXGroup;
			children = (
				487C2BB026CB9B9A00031505 /* Map+PlayersInfo.swift */,
			);
			path = PlayersInfo;
			sourceTree = "<group>";
		};
		487AF97926DA23340073277F /* H3M+AdditionalInfo */ = {
			isa = PBXGroup;
			children = (
				487AF97A26DA23500073277F /* H3M+Parse+CustomHeroes.swift */,
			);
			path = "H3M+AdditionalInfo";
			sourceTree = "<group>";
		};
		487AF97E26DC037D0073277F /* H3M+Parse+Inspector */ = {
			isa = PBXGroup;
			children = (
				487AF97C26DC036C0073277F /* H3M+Parse+Inspector.swift */,
				487AF98326DC049F0073277F /* H3M+Parse+Inspector+BasicInfo.swift */,
				487AF97F26DC039A0073277F /* H3M+Parse+Inspector+PlayersInfo.swift */,
				487AF98126DC03B70073277F /* H3M+Parse+Inspector+AdditionalInfo.swift */,
			);
			path = "H3M+Parse+Inspector";
			sourceTree = "<group>";
		};
		487AF98526DC097E0073277F /* H3M+PlayersInfo */ = {
			isa = PBXGroup;
			children = (
				487AF97626DA1B790073277F /* H3M+Parse+PlayersInfo.swift */,
			);
			path = "H3M+PlayersInfo";
			sourceTree = "<group>";
		};
		487AF98826DF522D0073277F /* SpecificTestMaps */ = {
			isa = PBXGroup;
			children = (
				483A2D9526E002A400EAC052 /* ArtifactsOnMapTests.swift */,
				487AF9B626DF6DFA0073277F /* BaseMapTest.swift */,
				483A2D9326DFC81E00EAC052 /* CreaturesOnMapTests.swift */,
			);
			path = SpecificTestMaps;
			sourceTree = "<group>";
		};
		487AF98E26DF5CBF0073277F /* Resources */ = {
			isa = PBXGroup;
			children = (
				487AF98F26DF5CBF0073277F /* TestMaps */,
			);
			path = Resources;
			sourceTree = "<group>";
		};
		487AF98F26DF5CBF0073277F /* TestMaps */ = {
			isa = PBXGroup;
			children = (
				483A2D9726E0140500EAC052 /* creatures-cyon-modified.h3m */,
				487AF99026DF5CBF0073277F /* town-spells-1-3.h3m */,
				487AF99126DF5CBF0073277F /* town-events.h3m */,
				487AF99226DF5CBF0073277F /* monsters.h3m */,
				487AF99326DF5CBF0073277F /* garrison.h3m */,
				487AF99426DF5CBF0073277F /* town-spells-4-5.h3m */,
				487AF99526DF5CBF0073277F /* seers-hut.h3m */,
				487AF99626DF5CBF0073277F /* events.h3m */,
				487AF99726DF5CBF0073277F /* secondary-skills.h3m */,
				487AF99826DF5CBF0073277F /* witch-hut.h3m */,
				487AF99926DF5CBF0073277F /* resources.h3m */,
				487AF99A26DF5CBF0073277F /* pandora-box.h3m */,
				487AF99B26DF5CBF0073277F /* random-RoE.h3m */,
				487AF99C26DF5CBF0073277F /* scholar.h3m */,
				487AF99D26DF5CBF0073277F /* random-AB.h3m */,
				487AF99E26DF5CBF0073277F /* dwelling.h3m */,
				487AF99F26DF5CBF0073277F /* random-SoD.h3m */,
				487AF9A126DF5CBF0073277F /* artifacts.h3m */,
			);
			path = TestMaps;
			sourceTree = "<group>";
		};
		487C2B7C26C9066500031505 /* Map+Loader+Cache */ = {
			isa = PBXGroup;
			children = (
				487C2B7D26C9066500031505 /* Map+Loader+Cache.swift */,
			);
			path = "Map+Loader+Cache";
			sourceTree = "<group>";
		};
		487C2B7E26C9066500031505 /* Map+Loader+Parser */ = {
			isa = PBXGroup;
			children = (
				487C2B8926CA951300031505 /* Map+Loader+Parser+H3M */,
				487C2B7F26C9066600031505 /* Map+Loader+Parser.swift */,
			);
			path = "Map+Loader+Parser";
			sourceTree = "<group>";
		};
		487C2B8226C936C900031505 /* Extensions */ = {
			isa = PBXGroup;
			children = (
				487C2B8326C936D600031505 /* Map+ID+KnownMaps.swift */,
			);
			path = Extensions;
			sourceTree = "<group>";
		};
		487C2B8926CA951300031505 /* Map+Loader+Parser+H3M */ = {
			isa = PBXGroup;
			children = (
				487AF98526DC097E0073277F /* H3M+PlayersInfo */,
				487AF97926DA23340073277F /* H3M+AdditionalInfo */,
				487C2C3126D2367200031505 /* Map+Loader+Parser+H3M+Objects */,
				487C2B8A26CA952700031505 /* Map+Loader+Parser+H3M.swift */,
				487C2BFC26CE4AC400031505 /* Map+Loader+Parser+H3M+Tiles.swift */,
				487C2BF126CD78CF00031505 /* H3M+Parse+HeroSettings.swift */,
				487C2BB226CB9BC500031505 /* Map+Decrompress.swift */,
				487C2BD226CD334800031505 /* Map+Loader+Parser+H3M+Error.swift */,
				487C2BD826CD33CC00031505 /* Map+Loader+Parser+H3M+ParseBasicInfo.swift */,
				487AF97226DA1A080073277F /* Map+Loader+Parser+H3M+AdditionalInfo.swift */,
			);
			path = "Map+Loader+Parser+H3M";
			sourceTree = "<group>";
		};
		487C2B9026CA9B5000031505 /* DataReader */ = {
			isa = PBXGroup;
			children = (
				487C2B9126CA9B5900031505 /* DataReader.swift */,
			);
			path = DataReader;
			sourceTree = "<group>";
		};
		487C2BB626CC2F1700031505 /* Hero */ = {
			isa = PBXGroup;
			children = (
				487C2BF726CD918E00031505 /* PrimarySkill */,
				487C2BEA26CD745200031505 /* SecondarySkill */,
				487C2B9626CAD1E400031505 /* Hero.swift */,
				487AF96626D7B9B30073277F /* Hero+ID */,
				487C2BF526CD918300031505 /* Hero+Gender.swift */,
				487C2C3F26D4C08900031505 /* Hero+Placeholder.swift */,
			);
			path = Hero;
			sourceTree = "<group>";
		};
		487C2BBF26CCCCB900031505 /* DataTypes */ = {
			isa = PBXGroup;
			children = (
				487C2BC126CCCCD900031505 /* BitArray.swift */,
			);
			path = DataTypes;
			sourceTree = "<group>";
		};
		487C2BC026CCCCC700031505 /* HoMM3 */ = {
			isa = PBXGroup;
			children = (
				487C2BD126CD32D600031505 /* Models */,
				487C2B9026CA9B5000031505 /* DataReader */,
			);
			path = HoMM3;
			sourceTree = "<group>";
		};
		487C2BC726CCF5BB00031505 /* Algorithms */ = {
			isa = PBXGroup;
			children = (
				487C2BC526CCF5B700031505 /* CRC32Checksum.swift */,
			);
			path = Algorithms;
			sourceTree = "<group>";
		};
		487C2BC826CCF68A00031505 /* HoMM3Tests */ = {
			isa = PBXGroup;
			children = (
				487AF98826DF522D0073277F /* SpecificTestMaps */,
				487AF96926D9130B0073277F /* Failing */,
				487C2BB426CC2E8500031505 /* HeroIDTests.swift */,
				487C2BDF26CD3D7400031505 /* ArtifactIDTests.swift */,
				487C2BE826CD4A4500031505 /* SpellIDTests.swift */,
				487AF96A26D9131C0073277F /* SucceedingMapTests.swift */,
			);
			path = HoMM3Tests;
			sourceTree = "<group>";
		};
		487C2BC926CCF69400031505 /* AlgorithmTests */ = {
			isa = PBXGroup;
			children = (
				487C2BCA26CCF6A600031505 /* CRC32Tests.swift */,
			);
			path = AlgorithmTests;
			sourceTree = "<group>";
		};
		487C2BCC26CD326200031505 /* Extensions */ = {
			isa = PBXGroup;
			children = (
				487C2C2C26D2257A00031505 /* Data */,
				487C2BCD26CD327C00031505 /* Integers+RepeatNTimes.swift */,
				487C2C2826CFCCD200031505 /* UInt8_Extensions.swift */,
			);
			path = Extensions;
			sourceTree = "<group>";
		};
		487C2BCF26CD32A600031505 /* Map */ = {
			isa = PBXGroup;
			children = (
				487AF97826DA1FFD0073277F /* PlayersInfo */,
				487C2C0226CECDB100031505 /* World */,
				487C2B8726CA950100031505 /* Map+Format.swift */,
				481462F726C902C800431960 /* Map+BasicInformation.swift */,
				487C2BD026CD32AF00031505 /* AdditionalInformation */,
				487C2BC326CCEDF600031505 /* Map.swift */,
				481462FB26C902E800431960 /* Map+ID.swift */,
				487C2BFE26CECD8500031505 /* Map+AttributesOfObjects.swift */,
				487C2C0026CECDA600031505 /* Map+Rumor.swift */,
			);
			path = Map;
			sourceTree = "<group>";
		};
		487C2BD026CD32AF00031505 /* AdditionalInformation */ = {
			isa = PBXGroup;
			children = (
				487C2B8E26CA98DC00031505 /* Map+AllowedHeroes.swift */,
				487C2B8C26CA988E00031505 /* Map+VictoryLossConditions.swift */,
				487C2BD626CD337100031505 /* Map+AdditionalInfo+HeroSettings.swift */,
				487C2BD426CD335D00031505 /* Map+AdditionalInfo+CustomHero.swift */,
				481462FF26C9041200431960 /* Map+About+Summary.swift */,
				487C2BA426CB8EC700031505 /* Map+VictoryCondition.swift */,
				487C2BAC26CB951500031505 /* Map+LossCondition.swift */,
				487C2BAE26CB9B5700031505 /* Map+TeamInfo.swift */,
				487AF97426DA1B260073277F /* Map+AdditionalInformation.swift */,
			);
			path = AdditionalInformation;
			sourceTree = "<group>";
		};
		487C2BD126CD32D600031505 /* Models */ = {
			isa = PBXGroup;
			children = (
				487C2C3426D260CE00031505 /* Resources */,
				487C2C2326CF912400031505 /* Creature */,
				487C2BE326CD49B200031505 /* Spell */,
				487C2BDC26CD3CF600031505 /* Artifact */,
				487C2BB626CC2F1700031505 /* Hero */,
				481462F626C902BF00431960 /* Map */,
				481462F926C902D800431960 /* Config.swift */,
				487C2B9826CAD1F800031505 /* Position.swift */,
				487C2B9A26CAD20F00031505 /* Faction.swift */,
				487C2B9C26CAD21F00031505 /* AITactic.swift */,
				487C2B9E26CAD22900031505 /* Difficulty.swift */,
				487C2BA026CAD23600031505 /* PlayerColor.swift */,
				487C2BA226CAD48900031505 /* Size.swift */,
				487C2BE126CD464E00031505 /* Version.swift */,
			);
			path = Models;
			sourceTree = "<group>";
		};
		487C2BDC26CD3CF600031505 /* Artifact */ = {
			isa = PBXGroup;
			children = (
				487C2BAA26CB94E600031505 /* Artifact.swift */,
				487C2BDD26CD3D0200031505 /* Artifact+ID.swift */,
				483A2D9126DFBE2500EAC052 /* Artifact+ID+CustomDebugStringConvertible.swift */,
				487C2BF326CD916C00031505 /* Artifact+Slot.swift */,
			);
			path = Artifact;
			sourceTree = "<group>";
		};
		487C2BE326CD49B200031505 /* Spell */ = {
			isa = PBXGroup;
			children = (
				487C2BE426CD49BA00031505 /* Spell.swift */,
				487C2BE626CD49CD00031505 /* Spell+ID.swift */,
			);
			path = Spell;
			sourceTree = "<group>";
		};
		487C2BEA26CD745200031505 /* SecondarySkill */ = {
			isa = PBXGroup;
			children = (
				487C2BEB26CD746800031505 /* Hero+SecondarySkill.swift */,
				487C2BED26CD748000031505 /* Hero+SecondarySkill+Kind.swift */,
				487C2BEF26CD748F00031505 /* Hero+SecondarySkill+Level.swift */,
			);
			path = SecondarySkill;
			sourceTree = "<group>";
		};
		487C2BF726CD918E00031505 /* PrimarySkill */ = {
			isa = PBXGroup;
			children = (
				487C2BF826CD919B00031505 /* Hero+PrimarySkill.swift */,
				487C2BFA26CD91AA00031505 /* Hero+PrimarySkill+Kind.swift */,
			);
			path = PrimarySkill;
			sourceTree = "<group>";
		};
		487C2C0226CECDB100031505 /* World */ = {
			isa = PBXGroup;
			children = (
				487C2C1526CED25800031505 /* Map+Event */,
				487C2C1226CED24300031505 /* Map+Object */,
				487C2C0726CECDD700031505 /* Map+Tile */,
				487C2C0326CECDBB00031505 /* Map+World.swift */,
				487C2C0526CECDCE00031505 /* Map+Level.swift */,
			);
			path = World;
			sourceTree = "<group>";
		};
		487C2C0726CECDD700031505 /* Map+Tile */ = {
			isa = PBXGroup;
			children = (
				487C2C0826CECDED00031505 /* Map+Tile.swift */,
				487C2C0A26CECE2000031505 /* Map+Tile+Terrain.swift */,
				487C2C0C26CECE7F00031505 /* Map+Tile+River.swift */,
				487C2C0E26CECEA600031505 /* Map+Tile+Road.swift */,
				487C2C1026CECEBC00031505 /* Map+Tile+Rotation.swift */,
			);
			path = "Map+Tile";
			sourceTree = "<group>";
		};
		487C2C1226CED24300031505 /* Map+Object */ = {
			isa = PBXGroup;
			children = (
				487C2C2026CF8B6500031505 /* Map+Object+ID */,
				487C2C1326CED24F00031505 /* Map+Object.swift */,
				487C2C1C26CF7EA000031505 /* Map+Object+KeyColor.swift */,
				487C2C1A26CF741500031505 /* Map+Object+CreatureGenerator.swift */,
				487C2C1E26CF7EED00031505 /* Map+Object+CreatureBank+ID.swift */,
			);
			path = "Map+Object";
			sourceTree = "<group>";
		};
		487C2C1526CED25800031505 /* Map+Event */ = {
			isa = PBXGroup;
			children = (
				487C2C1626CED26300031505 /* Map+Event.swift */,
			);
			path = "Map+Event";
			sourceTree = "<group>";
		};
		487C2C2026CF8B6500031505 /* Map+Object+ID */ = {
			isa = PBXGroup;
			children = (
				487C2C1826CEDD4C00031505 /* Map+Object+ID.swift */,
				487C2C2A26D0EFB800031505 /* Map+Object+ID+CustomDebugStringConvertible.swift */,
				48BC466A26D667EE00D435F1 /* Map+Object+ID+Stripped.swift */,
				487C2C2126CF8B8000031505 /* Map+Object+ID+ParseFromH3M.swift */,
			);
			path = "Map+Object+ID";
			sourceTree = "<group>";
		};
		487C2C2326CF912400031505 /* Creature */ = {
			isa = PBXGroup;
			children = (
				487C2BA826CB94D900031505 /* Creature.swift */,
				487C2C2626CFC69E00031505 /* Creature+Level.swift */,
				487C2C2426CF913100031505 /* Creature+ID.swift */,
			);
			path = Creature;
			sourceTree = "<group>";
		};
		487C2C2C26D2257A00031505 /* Data */ = {
			isa = PBXGroup;
			children = (
				487C2C2D26D2258800031505 /* Data+Hex.swift */,
			);
			path = Data;
			sourceTree = "<group>";
		};
		487C2C3126D2367200031505 /* Map+Loader+Parser+H3M+Objects */ = {
			isa = PBXGroup;
			children = (
				487C2C3226D2368D00031505 /* Map+Loader+Parser+H3M+Objects.swift */,
				487C2C3726D26DC700031505 /* Map+Loader+Parser+H3M+Object+Event.swift */,
				487C2C3926D26DEC00031505 /* Map+Loader+Parser+H3M+Object+Town.swift */,
				487C2C3B26D3BA1200031505 /* Map+Loader+Parser+H3M+Object+Hero.swift */,
				487C2C3D26D3DC9800031505 /* Map+Loader+Parser+H3M+Object+Monster.swift */,
				487C2C4126D508E500031505 /* Map+Loader+Parser+H3M+CreatureStack.swift */,
				487AF96C26D91CA70073277F /* Map+Loader+Parser+H3M+Object+RandomDwelling.swift */,
				487AF96F26D928310073277F /* Map+Loader+Parser+H3M+Object+PandorasBox.swift */,
			);
			path = "Map+Loader+Parser+H3M+Objects";
			sourceTree = "<group>";
		};
		487C2C3426D260CE00031505 /* Resources */ = {
			isa = PBXGroup;
			children = (
				487C2BA626CB94CA00031505 /* Resource.swift */,
				487C2C3526D260DB00031505 /* Resources.swift */,
			);
			path = Resources;
			sourceTree = "<group>";
		};
/* End PBXGroup section */

/* Begin PBXNativeTarget section */
		481BDF6026C5942000C5E335 /* HoMM3SwiftUI */ = {
			isa = PBXNativeTarget;
			buildConfigurationList = 481BDF7126C5942200C5E335 /* Build configuration list for PBXNativeTarget "HoMM3SwiftUI" */;
			buildPhases = (
				481BDF5D26C5942000C5E335 /* Sources */,
				481BDF5E26C5942000C5E335 /* Frameworks */,
				481BDF5F26C5942000C5E335 /* Resources */,
			);
			buildRules = (
			);
			dependencies = (
			);
			name = HoMM3SwiftUI;
			packageProductDependencies = (
				487C2B9426CA9D9200031505 /* Gzip */,
			);
			productName = HoMM3SwiftUI;
			productReference = 481BDF6126C5942000C5E335 /* HoMM3SwiftUI.app */;
			productType = "com.apple.product-type.application";
		};
		481BDF9C26C6A4F000C5E335 /* Tests */ = {
			isa = PBXNativeTarget;
			buildConfigurationList = 481BDFA426C6A4F000C5E335 /* Build configuration list for PBXNativeTarget "Tests" */;
			buildPhases = (
				481BDF9926C6A4F000C5E335 /* Sources */,
				481BDF9A26C6A4F000C5E335 /* Frameworks */,
				481BDF9B26C6A4F000C5E335 /* Resources */,
			);
			buildRules = (
			);
			dependencies = (
				481BDFA326C6A4F000C5E335 /* PBXTargetDependency */,
			);
			name = Tests;
			productName = Tests;
			productReference = 481BDF9D26C6A4F000C5E335 /* Tests.xctest */;
			productType = "com.apple.product-type.bundle.unit-test";
		};
/* End PBXNativeTarget section */

/* Begin PBXProject section */
		481BDF5926C5942000C5E335 /* Project object */ = {
			isa = PBXProject;
			attributes = {
				LastSwiftUpdateCheck = 1250;
				LastUpgradeCheck = 1250;
				TargetAttributes = {
					481BDF6026C5942000C5E335 = {
						CreatedOnToolsVersion = 12.5;
					};
					481BDF9C26C6A4F000C5E335 = {
						CreatedOnToolsVersion = 12.5;
						TestTargetID = 481BDF6026C5942000C5E335;
					};
				};
			};
			buildConfigurationList = 481BDF5C26C5942000C5E335 /* Build configuration list for PBXProject "HoMM3SwiftUI" */;
			compatibilityVersion = "Xcode 9.3";
			developmentRegion = en;
			hasScannedForEncodings = 0;
			knownRegions = (
				en,
				Base,
			);
			mainGroup = 481BDF5826C5942000C5E335;
			packageReferences = (
				487C2B9326CA9D9200031505 /* XCRemoteSwiftPackageReference "GzipSwift" */,
			);
			productRefGroup = 481BDF6226C5942000C5E335 /* Products */;
			projectDirPath = "";
			projectRoot = "";
			targets = (
				481BDF6026C5942000C5E335 /* HoMM3SwiftUI */,
				481BDF9C26C6A4F000C5E335 /* Tests */,
			);
		};
/* End PBXProject section */

/* Begin PBXResourcesBuildPhase section */
		481BDF5F26C5942000C5E335 /* Resources */ = {
			isa = PBXResourcesBuildPhase;
			buildActionMask = 2147483647;
			files = (
				481BDF6C26C5942200C5E335 /* Preview Assets.xcassets in Resources */,
				481BDF6926C5942200C5E335 /* Assets.xcassets in Resources */,
			);
			runOnlyForDeploymentPostprocessing = 0;
		};
		481BDF9B26C6A4F000C5E335 /* Resources */ = {
			isa = PBXResourcesBuildPhase;
			buildActionMask = 2147483647;
			files = (
				487AF9AD26DF5CBF0073277F /* random-RoE.h3m in Resources */,
				487AF9AA26DF5CBF0073277F /* witch-hut.h3m in Resources */,
				487AF9A226DF5CBF0073277F /* town-spells-1-3.h3m in Resources */,
				487AF9AE26DF5CBF0073277F /* scholar.h3m in Resources */,
				487AF9A926DF5CBF0073277F /* secondary-skills.h3m in Resources */,
				487AF9A426DF5CBF0073277F /* monsters.h3m in Resources */,
				487AF9AC26DF5CBF0073277F /* pandora-box.h3m in Resources */,
				483A2D9826E0140500EAC052 /* creatures-cyon-modified.h3m in Resources */,
				487AF9AB26DF5CBF0073277F /* resources.h3m in Resources */,
				487AF9B126DF5CBF0073277F /* random-SoD.h3m in Resources */,
				487AF9AF26DF5CBF0073277F /* random-AB.h3m in Resources */,
				487AF9B326DF5CBF0073277F /* artifacts.h3m in Resources */,
				487AF9A326DF5CBF0073277F /* town-events.h3m in Resources */,
				487AF9A526DF5CBF0073277F /* garrison.h3m in Resources */,
				487AF9A826DF5CBF0073277F /* events.h3m in Resources */,
				487AF9B026DF5CBF0073277F /* dwelling.h3m in Resources */,
				487AF9A626DF5CBF0073277F /* town-spells-4-5.h3m in Resources */,
				487AF9A726DF5CBF0073277F /* seers-hut.h3m in Resources */,
			);
			runOnlyForDeploymentPostprocessing = 0;
		};
/* End PBXResourcesBuildPhase section */

/* Begin PBXSourcesBuildPhase section */
		481BDF5D26C5942000C5E335 /* Sources */ = {
			isa = PBXSourcesBuildPhase;
			buildActionMask = 2147483647;
			files = (
				487C2BEE26CD748000031505 /* Hero+SecondarySkill+Kind.swift in Sources */,
				487C2C2926CFCCD200031505 /* UInt8_Extensions.swift in Sources */,
				487C2BE226CD464E00031505 /* Version.swift in Sources */,
				487AF98026DC039A0073277F /* H3M+Parse+Inspector+PlayersInfo.swift in Sources */,
				487C2BDE26CD3D0200031505 /* Artifact+ID.swift in Sources */,
				487C2BEC26CD746800031505 /* Hero+SecondarySkill.swift in Sources */,
				487C2BA526CB8EC700031505 /* Map+VictoryCondition.swift in Sources */,
				487C2BA326CAD48900031505 /* Size.swift in Sources */,
				4814630626C9054900431960 /* Map+Loader+Reader.swift in Sources */,
				487C2C3C26D3BA1200031505 /* Map+Loader+Parser+H3M+Object+Hero.swift in Sources */,
				487C2BFD26CE4AC400031505 /* Map+Loader+Parser+H3M+Tiles.swift in Sources */,
				487C2B8B26CA952700031505 /* Map+Loader+Parser+H3M.swift in Sources */,
				487AF97B26DA23500073277F /* H3M+Parse+CustomHeroes.swift in Sources */,
				487C2BC426CCEDF600031505 /* Map.swift in Sources */,
				483A2D9226DFBE2500EAC052 /* Artifact+ID+CustomDebugStringConvertible.swift in Sources */,
				487C2C1426CED24F00031505 /* Map+Object.swift in Sources */,
				487C2BD926CD33CC00031505 /* Map+Loader+Parser+H3M+ParseBasicInfo.swift in Sources */,
				487C2BFB26CD91AA00031505 /* Hero+PrimarySkill+Kind.swift in Sources */,
				487C2B9F26CAD22900031505 /* Difficulty.swift in Sources */,
				4814630226C904D000431960 /* Map+Loader.swift in Sources */,
				487C2BCE26CD327C00031505 /* Integers+RepeatNTimes.swift in Sources */,
				487C2BF926CD919B00031505 /* Hero+PrimarySkill.swift in Sources */,
				487C2C3A26D26DEC00031505 /* Map+Loader+Parser+H3M+Object+Town.swift in Sources */,
				487C2B9726CAD1E400031505 /* Hero.swift in Sources */,
				487C2BA126CAD23600031505 /* PlayerColor.swift in Sources */,
				487AF98426DC049F0073277F /* H3M+Parse+Inspector+BasicInfo.swift in Sources */,
				4814630026C9041200431960 /* Map+About+Summary.swift in Sources */,
				487C2BA726CB94CA00031505 /* Resource.swift in Sources */,
				487C2C1D26CF7EA000031505 /* Map+Object+KeyColor.swift in Sources */,
				487C2C0D26CECE7F00031505 /* Map+Tile+River.swift in Sources */,
				487C2B8D26CA988E00031505 /* Map+VictoryLossConditions.swift in Sources */,
				487C2C0F26CECEA600031505 /* Map+Tile+Road.swift in Sources */,
				487C2C1F26CF7EED00031505 /* Map+Object+CreatureBank+ID.swift in Sources */,
				487C2C2226CF8B8000031505 /* Map+Object+ID+ParseFromH3M.swift in Sources */,
				487C2C3626D260DB00031505 /* Resources.swift in Sources */,
				487C2C2B26D0EFB800031505 /* Map+Object+ID+CustomDebugStringConvertible.swift in Sources */,
				487C2BC226CCCCD900031505 /* BitArray.swift in Sources */,
				487C2BAB26CB94E600031505 /* Artifact.swift in Sources */,
				481BDF6726C5942000C5E335 /* ContentView.swift in Sources */,
				487AF97D26DC036C0073277F /* H3M+Parse+Inspector.swift in Sources */,
				487C2C3826D26DC700031505 /* Map+Loader+Parser+H3M+Object+Event.swift in Sources */,
				487C2B9926CAD1F800031505 /* Position.swift in Sources */,
				487C2C4226D508E500031505 /* Map+Loader+Parser+H3M+CreatureStack.swift in Sources */,
				487C2C1726CED26300031505 /* Map+Event.swift in Sources */,
				487C2BD326CD334800031505 /* Map+Loader+Parser+H3M+Error.swift in Sources */,
				487C2C1B26CF741500031505 /* Map+Object+CreatureGenerator.swift in Sources */,
				487C2C2526CF913100031505 /* Creature+ID.swift in Sources */,
				487C2BE726CD49CD00031505 /* Spell+ID.swift in Sources */,
				487C2BFF26CECD8500031505 /* Map+AttributesOfObjects.swift in Sources */,
				487AF97726DA1B790073277F /* H3M+Parse+PlayersInfo.swift in Sources */,
				487AF98226DC03B70073277F /* H3M+Parse+Inspector+AdditionalInfo.swift in Sources */,
				487C2BA926CB94D900031505 /* Creature.swift in Sources */,
				487C2B9B26CAD21000031505 /* Faction.swift in Sources */,
				481462FC26C902E800431960 /* Map+ID.swift in Sources */,
				487AF96E26D91CB60073277F /* Map+Loader+Parser+H3M+Object+RandomDwelling.swift in Sources */,
				487C2BE526CD49BA00031505 /* Spell.swift in Sources */,
				487C2BD526CD335D00031505 /* Map+AdditionalInfo+CustomHero.swift in Sources */,
				487C2C3326D2368D00031505 /* Map+Loader+Parser+H3M+Objects.swift in Sources */,
				487C2C1926CEDD4C00031505 /* Map+Object+ID.swift in Sources */,
				487C2C2726CFC69E00031505 /* Creature+Level.swift in Sources */,
				487C2BF426CD916C00031505 /* Artifact+Slot.swift in Sources */,
				487C2C1126CECEBC00031505 /* Map+Tile+Rotation.swift in Sources */,
				487C2C0B26CECE2000031505 /* Map+Tile+Terrain.swift in Sources */,
				487C2C2E26D2258800031505 /* Data+Hex.swift in Sources */,
				487C2BF226CD78CF00031505 /* H3M+Parse+HeroSettings.swift in Sources */,
				487C2B8826CA950100031505 /* Map+Format.swift in Sources */,
				487C2B9226CA9B5900031505 /* DataReader.swift in Sources */,
				48BC466B26D667EE00D435F1 /* Map+Object+ID+Stripped.swift in Sources */,
				487C2B9D26CAD21F00031505 /* AITactic.swift in Sources */,
				487C2C0126CECDA600031505 /* Map+Rumor.swift in Sources */,
				487C2BC626CCF5B700031505 /* CRC32Checksum.swift in Sources */,
				487C2C4026D4C08900031505 /* Hero+Placeholder.swift in Sources */,
				487C2BB926CC2F2600031505 /* Hero+ID.swift in Sources */,
				487C2C0626CECDCE00031505 /* Map+Level.swift in Sources */,
				481462FA26C902D800431960 /* Config.swift in Sources */,
				487C2BD726CD337100031505 /* Map+AdditionalInfo+HeroSettings.swift in Sources */,
				487C2BB126CB9B9A00031505 /* Map+PlayersInfo.swift in Sources */,
				487C2BB326CB9BC500031505 /* Map+Decrompress.swift in Sources */,
				487AF97126D928340073277F /* Map+Loader+Parser+H3M+Object+PandorasBox.swift in Sources */,
				487AF96826D7B9C30073277F /* Hero+ID+HeroClass.swift in Sources */,
				487C2BAF26CB9B5700031505 /* Map+TeamInfo.swift in Sources */,
				481462F826C902C800431960 /* Map+BasicInformation.swift in Sources */,
				487C2B8026C9066600031505 /* Map+Loader+Cache.swift in Sources */,
				487C2B8126C9066600031505 /* Map+Loader+Parser.swift in Sources */,
				487C2C0926CECDED00031505 /* Map+Tile.swift in Sources */,
				487AF97326DA1A080073277F /* Map+Loader+Parser+H3M+AdditionalInfo.swift in Sources */,
				487AF97526DA1B260073277F /* Map+AdditionalInformation.swift in Sources */,
				487C2B8F26CA98DC00031505 /* Map+AllowedHeroes.swift in Sources */,
				487C2C3E26D3DC9800031505 /* Map+Loader+Parser+H3M+Object+Monster.swift in Sources */,
				487C2BF626CD918300031505 /* Hero+Gender.swift in Sources */,
				487C2C0426CECDBB00031505 /* Map+World.swift in Sources */,
				487C2BF026CD748F00031505 /* Hero+SecondarySkill+Level.swift in Sources */,
				487C2BAD26CB951500031505 /* Map+LossCondition.swift in Sources */,
				481BDF6526C5942000C5E335 /* HoMM3SwiftUIApp.swift in Sources */,
			);
			runOnlyForDeploymentPostprocessing = 0;
		};
		481BDF9926C6A4F000C5E335 /* Sources */ = {
			isa = PBXSourcesBuildPhase;
			buildActionMask = 2147483647;
			files = (
				487C2BB526CC2E8500031505 /* HeroIDTests.swift in Sources */,
				483A2D9626E002A400EAC052 /* ArtifactsOnMapTests.swift in Sources */,
				487C2BE926CD4A4500031505 /* SpellIDTests.swift in Sources */,
				487AF9B726DF6DFA0073277F /* BaseMapTest.swift in Sources */,
				487C2B8426C936D600031505 /* Map+ID+KnownMaps.swift in Sources */,
				483A2D9426DFC81E00EAC052 /* CreaturesOnMapTests.swift in Sources */,
				481BDFA026C6A4F000C5E335 /* FailingMapTests.swift in Sources */,
				487C2BCB26CCF6A600031505 /* CRC32Tests.swift in Sources */,
				487C2BE026CD3D7400031505 /* ArtifactIDTests.swift in Sources */,
				487AF96B26D9131C0073277F /* SucceedingMapTests.swift in Sources */,
			);
			runOnlyForDeploymentPostprocessing = 0;
		};
/* End PBXSourcesBuildPhase section */

/* Begin PBXTargetDependency section */
		481BDFA326C6A4F000C5E335 /* PBXTargetDependency */ = {
			isa = PBXTargetDependency;
			target = 481BDF6026C5942000C5E335 /* HoMM3SwiftUI */;
			targetProxy = 481BDFA226C6A4F000C5E335 /* PBXContainerItemProxy */;
		};
/* End PBXTargetDependency section */

/* Begin XCBuildConfiguration section */
		481BDF6F26C5942200C5E335 /* Debug */ = {
			isa = XCBuildConfiguration;
			buildSettings = {
				ALWAYS_SEARCH_USER_PATHS = NO;
				CLANG_ANALYZER_NONNULL = YES;
				CLANG_ANALYZER_NUMBER_OBJECT_CONVERSION = YES_AGGRESSIVE;
				CLANG_CXX_LANGUAGE_STANDARD = "gnu++14";
				CLANG_CXX_LIBRARY = "libc++";
				CLANG_ENABLE_MODULES = YES;
				CLANG_ENABLE_OBJC_ARC = YES;
				CLANG_ENABLE_OBJC_WEAK = YES;
				CLANG_WARN_BLOCK_CAPTURE_AUTORELEASING = YES;
				CLANG_WARN_BOOL_CONVERSION = YES;
				CLANG_WARN_COMMA = YES;
				CLANG_WARN_CONSTANT_CONVERSION = YES;
				CLANG_WARN_DEPRECATED_OBJC_IMPLEMENTATIONS = YES;
				CLANG_WARN_DIRECT_OBJC_ISA_USAGE = YES_ERROR;
				CLANG_WARN_DOCUMENTATION_COMMENTS = YES;
				CLANG_WARN_EMPTY_BODY = YES;
				CLANG_WARN_ENUM_CONVERSION = YES;
				CLANG_WARN_INFINITE_RECURSION = YES;
				CLANG_WARN_INT_CONVERSION = YES;
				CLANG_WARN_NON_LITERAL_NULL_CONVERSION = YES;
				CLANG_WARN_OBJC_IMPLICIT_RETAIN_SELF = YES;
				CLANG_WARN_OBJC_LITERAL_CONVERSION = YES;
				CLANG_WARN_OBJC_ROOT_CLASS = YES_ERROR;
				CLANG_WARN_QUOTED_INCLUDE_IN_FRAMEWORK_HEADER = YES;
				CLANG_WARN_RANGE_LOOP_ANALYSIS = YES;
				CLANG_WARN_STRICT_PROTOTYPES = YES;
				CLANG_WARN_SUSPICIOUS_MOVE = YES;
				CLANG_WARN_UNGUARDED_AVAILABILITY = YES_AGGRESSIVE;
				CLANG_WARN_UNREACHABLE_CODE = YES;
				CLANG_WARN__DUPLICATE_METHOD_MATCH = YES;
				COPY_PHASE_STRIP = NO;
				DEBUG_INFORMATION_FORMAT = dwarf;
				ENABLE_STRICT_OBJC_MSGSEND = YES;
				ENABLE_TESTABILITY = YES;
				GCC_C_LANGUAGE_STANDARD = gnu11;
				GCC_DYNAMIC_NO_PIC = NO;
				GCC_NO_COMMON_BLOCKS = YES;
				GCC_OPTIMIZATION_LEVEL = 0;
				GCC_PREPROCESSOR_DEFINITIONS = (
					"DEBUG=1",
					"$(inherited)",
				);
				GCC_WARN_64_TO_32_BIT_CONVERSION = YES;
				GCC_WARN_ABOUT_RETURN_TYPE = YES_ERROR;
				GCC_WARN_UNDECLARED_SELECTOR = YES;
				GCC_WARN_UNINITIALIZED_AUTOS = YES_AGGRESSIVE;
				GCC_WARN_UNUSED_FUNCTION = YES;
				GCC_WARN_UNUSED_VARIABLE = YES;
				MACOSX_DEPLOYMENT_TARGET = 11.3;
				MTL_ENABLE_DEBUG_INFO = INCLUDE_SOURCE;
				MTL_FAST_MATH = YES;
				ONLY_ACTIVE_ARCH = YES;
				SDKROOT = macosx;
				SWIFT_ACTIVE_COMPILATION_CONDITIONS = DEBUG;
				SWIFT_OPTIMIZATION_LEVEL = "-Onone";
			};
			name = Debug;
		};
		481BDF7026C5942200C5E335 /* Release */ = {
			isa = XCBuildConfiguration;
			buildSettings = {
				ALWAYS_SEARCH_USER_PATHS = NO;
				CLANG_ANALYZER_NONNULL = YES;
				CLANG_ANALYZER_NUMBER_OBJECT_CONVERSION = YES_AGGRESSIVE;
				CLANG_CXX_LANGUAGE_STANDARD = "gnu++14";
				CLANG_CXX_LIBRARY = "libc++";
				CLANG_ENABLE_MODULES = YES;
				CLANG_ENABLE_OBJC_ARC = YES;
				CLANG_ENABLE_OBJC_WEAK = YES;
				CLANG_WARN_BLOCK_CAPTURE_AUTORELEASING = YES;
				CLANG_WARN_BOOL_CONVERSION = YES;
				CLANG_WARN_COMMA = YES;
				CLANG_WARN_CONSTANT_CONVERSION = YES;
				CLANG_WARN_DEPRECATED_OBJC_IMPLEMENTATIONS = YES;
				CLANG_WARN_DIRECT_OBJC_ISA_USAGE = YES_ERROR;
				CLANG_WARN_DOCUMENTATION_COMMENTS = YES;
				CLANG_WARN_EMPTY_BODY = YES;
				CLANG_WARN_ENUM_CONVERSION = YES;
				CLANG_WARN_INFINITE_RECURSION = YES;
				CLANG_WARN_INT_CONVERSION = YES;
				CLANG_WARN_NON_LITERAL_NULL_CONVERSION = YES;
				CLANG_WARN_OBJC_IMPLICIT_RETAIN_SELF = YES;
				CLANG_WARN_OBJC_LITERAL_CONVERSION = YES;
				CLANG_WARN_OBJC_ROOT_CLASS = YES_ERROR;
				CLANG_WARN_QUOTED_INCLUDE_IN_FRAMEWORK_HEADER = YES;
				CLANG_WARN_RANGE_LOOP_ANALYSIS = YES;
				CLANG_WARN_STRICT_PROTOTYPES = YES;
				CLANG_WARN_SUSPICIOUS_MOVE = YES;
				CLANG_WARN_UNGUARDED_AVAILABILITY = YES_AGGRESSIVE;
				CLANG_WARN_UNREACHABLE_CODE = YES;
				CLANG_WARN__DUPLICATE_METHOD_MATCH = YES;
				COPY_PHASE_STRIP = NO;
				DEBUG_INFORMATION_FORMAT = "dwarf-with-dsym";
				ENABLE_NS_ASSERTIONS = NO;
				ENABLE_STRICT_OBJC_MSGSEND = YES;
				GCC_C_LANGUAGE_STANDARD = gnu11;
				GCC_NO_COMMON_BLOCKS = YES;
				GCC_WARN_64_TO_32_BIT_CONVERSION = YES;
				GCC_WARN_ABOUT_RETURN_TYPE = YES_ERROR;
				GCC_WARN_UNDECLARED_SELECTOR = YES;
				GCC_WARN_UNINITIALIZED_AUTOS = YES_AGGRESSIVE;
				GCC_WARN_UNUSED_FUNCTION = YES;
				GCC_WARN_UNUSED_VARIABLE = YES;
				MACOSX_DEPLOYMENT_TARGET = 11.3;
				MTL_ENABLE_DEBUG_INFO = NO;
				MTL_FAST_MATH = YES;
				SDKROOT = macosx;
				SWIFT_COMPILATION_MODE = wholemodule;
				SWIFT_OPTIMIZATION_LEVEL = "-O";
			};
			name = Release;
		};
		481BDF7226C5942200C5E335 /* Debug */ = {
			isa = XCBuildConfiguration;
			buildSettings = {
				ASSETCATALOG_COMPILER_APPICON_NAME = AppIcon;
				ASSETCATALOG_COMPILER_GLOBAL_ACCENT_COLOR_NAME = AccentColor;
				CODE_SIGN_ENTITLEMENTS = HoMM3SwiftUI/HoMM3SwiftUI.entitlements;
				CODE_SIGN_STYLE = Automatic;
				COMBINE_HIDPI_IMAGES = YES;
				DEVELOPMENT_ASSET_PATHS = "\"Sources/Frontend/Preview Content\"";
				ENABLE_PREVIEWS = YES;
				INFOPLIST_FILE = Sources/Frontend/Info.plist;
				LD_RUNPATH_SEARCH_PATHS = (
					"$(inherited)",
					"@executable_path/../Frameworks",
				);
				MACOSX_DEPLOYMENT_TARGET = 11.0;
				PRODUCT_BUNDLE_IDENTIFIER = com.cyon.HoMM3SwiftUI;
				PRODUCT_NAME = "$(TARGET_NAME)";
				SWIFT_VERSION = 5.0;
			};
			name = Debug;
		};
		481BDF7326C5942200C5E335 /* Release */ = {
			isa = XCBuildConfiguration;
			buildSettings = {
				ASSETCATALOG_COMPILER_APPICON_NAME = AppIcon;
				ASSETCATALOG_COMPILER_GLOBAL_ACCENT_COLOR_NAME = AccentColor;
				CODE_SIGN_ENTITLEMENTS = HoMM3SwiftUI/HoMM3SwiftUI.entitlements;
				CODE_SIGN_STYLE = Automatic;
				COMBINE_HIDPI_IMAGES = YES;
				DEVELOPMENT_ASSET_PATHS = "\"Sources/Frontend/Preview Content\"";
				ENABLE_PREVIEWS = YES;
				INFOPLIST_FILE = Sources/Frontend/Info.plist;
				LD_RUNPATH_SEARCH_PATHS = (
					"$(inherited)",
					"@executable_path/../Frameworks",
				);
				MACOSX_DEPLOYMENT_TARGET = 11.0;
				PRODUCT_BUNDLE_IDENTIFIER = com.cyon.HoMM3SwiftUI;
				PRODUCT_NAME = "$(TARGET_NAME)";
				SWIFT_VERSION = 5.0;
			};
			name = Release;
		};
		481BDFA526C6A4F000C5E335 /* Debug */ = {
			isa = XCBuildConfiguration;
			buildSettings = {
				BUNDLE_LOADER = "$(TEST_HOST)";
				CODE_SIGN_STYLE = Automatic;
				COMBINE_HIDPI_IMAGES = YES;
				INFOPLIST_FILE = Tests/Info.plist;
				LD_RUNPATH_SEARCH_PATHS = (
					"$(inherited)",
					"@executable_path/../Frameworks",
					"@loader_path/../Frameworks",
				);
				PRODUCT_BUNDLE_IDENTIFIER = com.cyon.Tests;
				PRODUCT_NAME = "$(TARGET_NAME)";
				SWIFT_VERSION = 5.0;
				TEST_HOST = "$(BUILT_PRODUCTS_DIR)/HoMM3SwiftUI.app/Contents/MacOS/HoMM3SwiftUI";
			};
			name = Debug;
		};
		481BDFA626C6A4F000C5E335 /* Release */ = {
			isa = XCBuildConfiguration;
			buildSettings = {
				BUNDLE_LOADER = "$(TEST_HOST)";
				CODE_SIGN_STYLE = Automatic;
				COMBINE_HIDPI_IMAGES = YES;
				INFOPLIST_FILE = Tests/Info.plist;
				LD_RUNPATH_SEARCH_PATHS = (
					"$(inherited)",
					"@executable_path/../Frameworks",
					"@loader_path/../Frameworks",
				);
				PRODUCT_BUNDLE_IDENTIFIER = com.cyon.Tests;
				PRODUCT_NAME = "$(TARGET_NAME)";
				SWIFT_VERSION = 5.0;
				TEST_HOST = "$(BUILT_PRODUCTS_DIR)/HoMM3SwiftUI.app/Contents/MacOS/HoMM3SwiftUI";
			};
			name = Release;
		};
/* End XCBuildConfiguration section */

/* Begin XCConfigurationList section */
		481BDF5C26C5942000C5E335 /* Build configuration list for PBXProject "HoMM3SwiftUI" */ = {
			isa = XCConfigurationList;
			buildConfigurations = (
				481BDF6F26C5942200C5E335 /* Debug */,
				481BDF7026C5942200C5E335 /* Release */,
			);
			defaultConfigurationIsVisible = 0;
			defaultConfigurationName = Release;
		};
		481BDF7126C5942200C5E335 /* Build configuration list for PBXNativeTarget "HoMM3SwiftUI" */ = {
			isa = XCConfigurationList;
			buildConfigurations = (
				481BDF7226C5942200C5E335 /* Debug */,
				481BDF7326C5942200C5E335 /* Release */,
			);
			defaultConfigurationIsVisible = 0;
			defaultConfigurationName = Release;
		};
		481BDFA426C6A4F000C5E335 /* Build configuration list for PBXNativeTarget "Tests" */ = {
			isa = XCConfigurationList;
			buildConfigurations = (
				481BDFA526C6A4F000C5E335 /* Debug */,
				481BDFA626C6A4F000C5E335 /* Release */,
			);
			defaultConfigurationIsVisible = 0;
			defaultConfigurationName = Release;
		};
/* End XCConfigurationList section */

/* Begin XCRemoteSwiftPackageReference section */
		487C2B9326CA9D9200031505 /* XCRemoteSwiftPackageReference "GzipSwift" */ = {
			isa = XCRemoteSwiftPackageReference;
			repositoryURL = "https://github.com/1024jp/GzipSwift";
			requirement = {
				kind = upToNextMajorVersion;
				minimumVersion = 5.1.1;
			};
		};
/* End XCRemoteSwiftPackageReference section */

/* Begin XCSwiftPackageProductDependency section */
		487C2B9426CA9D9200031505 /* Gzip */ = {
			isa = XCSwiftPackageProductDependency;
			package = 487C2B9326CA9D9200031505 /* XCRemoteSwiftPackageReference "GzipSwift" */;
			productName = Gzip;
		};
/* End XCSwiftPackageProductDependency section */
	};
	rootObject = 481BDF5926C5942000C5E335 /* Project object */;
}
