// !$*UTF8*$!
{
	archiveVersion = 1;
	classes = {
	};
	objectVersion = 50;
	objects = {

/* Begin PBXBuildFile section */
		481462DF26C6F1F200431960 /* ResourceAccessor+Maps.swift in Sources */ = {isa = PBXBuildFile; fileRef = 481462DA26C6F1F200431960 /* ResourceAccessor+Maps.swift */; };
		481462E026C6F1F200431960 /* ResourceAccessor+Music.swift in Sources */ = {isa = PBXBuildFile; fileRef = 481462DB26C6F1F200431960 /* ResourceAccessor+Music.swift */; };
		481462E126C6F1F200431960 /* ResourceAccessor+Directory.swift in Sources */ = {isa = PBXBuildFile; fileRef = 481462DC26C6F1F200431960 /* ResourceAccessor+Directory.swift */; };
		481462E226C6F1F200431960 /* ResourceAccessor+Data.swift in Sources */ = {isa = PBXBuildFile; fileRef = 481462DD26C6F1F200431960 /* ResourceAccessor+Data.swift */; };
		481462E326C6F1F200431960 /* ResourceAccessor.swift in Sources */ = {isa = PBXBuildFile; fileRef = 481462DE26C6F1F200431960 /* ResourceAccessor.swift */; };
		481462E826C6F20E00431960 /* Config.swift in Sources */ = {isa = PBXBuildFile; fileRef = 481462E726C6F20E00431960 /* Config.swift */; };
		481462EA26C6F57900431960 /* ResourceAccessor+File.swift in Sources */ = {isa = PBXBuildFile; fileRef = 481462E926C6F57900431960 /* ResourceAccessor+File.swift */; };
		481462EC26C6F64000431960 /* ResourceKind.swift in Sources */ = {isa = PBXBuildFile; fileRef = 481462EB26C6F64000431960 /* ResourceKind.swift */; };
		481462F026C6F7BE00431960 /* ResourceAccessor+Error.swift in Sources */ = {isa = PBXBuildFile; fileRef = 481462EF26C6F7BE00431960 /* ResourceAccessor+Error.swift */; };
		481462F226C6F7D500431960 /* ResourceAccessor+Access.swift in Sources */ = {isa = PBXBuildFile; fileRef = 481462F126C6F7D500431960 /* ResourceAccessor+Access.swift */; };
		481BDF6526C5942000C5E335 /* HoMM3SwiftUIApp.swift in Sources */ = {isa = PBXBuildFile; fileRef = 481BDF6426C5942000C5E335 /* HoMM3SwiftUIApp.swift */; };
		481BDF6726C5942000C5E335 /* ContentView.swift in Sources */ = {isa = PBXBuildFile; fileRef = 481BDF6626C5942000C5E335 /* ContentView.swift */; };
		481BDF6926C5942200C5E335 /* Assets.xcassets in Resources */ = {isa = PBXBuildFile; fileRef = 481BDF6826C5942200C5E335 /* Assets.xcassets */; };
		481BDF6C26C5942200C5E335 /* Preview Assets.xcassets in Resources */ = {isa = PBXBuildFile; fileRef = 481BDF6B26C5942200C5E335 /* Preview Assets.xcassets */; };
		481BDF7726C65A1900C5E335 /* ResourceID.swift in Sources */ = {isa = PBXBuildFile; fileRef = 481BDF7626C65A1900C5E335 /* ResourceID.swift */; };
		481BDF7926C65CF500C5E335 /* ResourceLoader.swift in Sources */ = {isa = PBXBuildFile; fileRef = 481BDF7826C65CF500C5E335 /* ResourceLoader.swift */; };
		481BDF7C26C6687E00C5E335 /* ResourceLoader+Archive.swift in Sources */ = {isa = PBXBuildFile; fileRef = 481BDF7B26C6687E00C5E335 /* ResourceLoader+Archive.swift */; };
		481BDFA026C6A4F000C5E335 /* Tests.swift in Sources */ = {isa = PBXBuildFile; fileRef = 481BDF9F26C6A4F000C5E335 /* Tests.swift */; };
/* End PBXBuildFile section */

/* Begin PBXContainerItemProxy section */
		481BDFA226C6A4F000C5E335 /* PBXContainerItemProxy */ = {
			isa = PBXContainerItemProxy;
			containerPortal = 481BDF5926C5942000C5E335 /* Project object */;
			proxyType = 1;
			remoteGlobalIDString = 481BDF6026C5942000C5E335;
			remoteInfo = HoMM3SwiftUI;
		};
/* End PBXContainerItemProxy section */

/* Begin PBXFileReference section */
		481462DA26C6F1F200431960 /* ResourceAccessor+Maps.swift */ = {isa = PBXFileReference; fileEncoding = 4; lastKnownFileType = sourcecode.swift; path = "ResourceAccessor+Maps.swift"; sourceTree = "<group>"; };
		481462DB26C6F1F200431960 /* ResourceAccessor+Music.swift */ = {isa = PBXFileReference; fileEncoding = 4; lastKnownFileType = sourcecode.swift; path = "ResourceAccessor+Music.swift"; sourceTree = "<group>"; };
		481462DC26C6F1F200431960 /* ResourceAccessor+Directory.swift */ = {isa = PBXFileReference; fileEncoding = 4; lastKnownFileType = sourcecode.swift; path = "ResourceAccessor+Directory.swift"; sourceTree = "<group>"; };
		481462DD26C6F1F200431960 /* ResourceAccessor+Data.swift */ = {isa = PBXFileReference; fileEncoding = 4; lastKnownFileType = sourcecode.swift; path = "ResourceAccessor+Data.swift"; sourceTree = "<group>"; };
		481462DE26C6F1F200431960 /* ResourceAccessor.swift */ = {isa = PBXFileReference; fileEncoding = 4; lastKnownFileType = sourcecode.swift; path = ResourceAccessor.swift; sourceTree = "<group>"; };
		481462E726C6F20E00431960 /* Config.swift */ = {isa = PBXFileReference; lastKnownFileType = sourcecode.swift; path = Config.swift; sourceTree = "<group>"; };
		481462E926C6F57900431960 /* ResourceAccessor+File.swift */ = {isa = PBXFileReference; lastKnownFileType = sourcecode.swift; path = "ResourceAccessor+File.swift"; sourceTree = "<group>"; };
		481462EB26C6F64000431960 /* ResourceKind.swift */ = {isa = PBXFileReference; lastKnownFileType = sourcecode.swift; path = ResourceKind.swift; sourceTree = "<group>"; };
		481462EF26C6F7BE00431960 /* ResourceAccessor+Error.swift */ = {isa = PBXFileReference; lastKnownFileType = sourcecode.swift; path = "ResourceAccessor+Error.swift"; sourceTree = "<group>"; };
		481462F126C6F7D500431960 /* ResourceAccessor+Access.swift */ = {isa = PBXFileReference; lastKnownFileType = sourcecode.swift; path = "ResourceAccessor+Access.swift"; sourceTree = "<group>"; };
		481BDF6126C5942000C5E335 /* HoMM3SwiftUI.app */ = {isa = PBXFileReference; explicitFileType = wrapper.application; includeInIndex = 0; path = HoMM3SwiftUI.app; sourceTree = BUILT_PRODUCTS_DIR; };
		481BDF6426C5942000C5E335 /* HoMM3SwiftUIApp.swift */ = {isa = PBXFileReference; lastKnownFileType = sourcecode.swift; path = HoMM3SwiftUIApp.swift; sourceTree = "<group>"; };
		481BDF6626C5942000C5E335 /* ContentView.swift */ = {isa = PBXFileReference; lastKnownFileType = sourcecode.swift; path = ContentView.swift; sourceTree = "<group>"; };
		481BDF6826C5942200C5E335 /* Assets.xcassets */ = {isa = PBXFileReference; lastKnownFileType = folder.assetcatalog; path = Assets.xcassets; sourceTree = "<group>"; };
		481BDF6B26C5942200C5E335 /* Preview Assets.xcassets */ = {isa = PBXFileReference; lastKnownFileType = folder.assetcatalog; path = "Preview Assets.xcassets"; sourceTree = "<group>"; };
		481BDF6D26C5942200C5E335 /* Info.plist */ = {isa = PBXFileReference; lastKnownFileType = text.plist.xml; path = Info.plist; sourceTree = "<group>"; };
		481BDF6E26C5942200C5E335 /* HoMM3SwiftUI.entitlements */ = {isa = PBXFileReference; lastKnownFileType = text.plist.entitlements; path = HoMM3SwiftUI.entitlements; sourceTree = "<group>"; };
		481BDF7626C65A1900C5E335 /* ResourceID.swift */ = {isa = PBXFileReference; lastKnownFileType = sourcecode.swift; path = ResourceID.swift; sourceTree = "<group>"; };
		481BDF7826C65CF500C5E335 /* ResourceLoader.swift */ = {isa = PBXFileReference; lastKnownFileType = sourcecode.swift; path = ResourceLoader.swift; sourceTree = "<group>"; };
		481BDF7B26C6687E00C5E335 /* ResourceLoader+Archive.swift */ = {isa = PBXFileReference; lastKnownFileType = sourcecode.swift; path = "ResourceLoader+Archive.swift"; sourceTree = "<group>"; };
		481BDF9D26C6A4F000C5E335 /* Tests.xctest */ = {isa = PBXFileReference; explicitFileType = wrapper.cfbundle; includeInIndex = 0; path = Tests.xctest; sourceTree = BUILT_PRODUCTS_DIR; };
		481BDF9F26C6A4F000C5E335 /* Tests.swift */ = {isa = PBXFileReference; lastKnownFileType = sourcecode.swift; path = Tests.swift; sourceTree = "<group>"; };
		481BDFA126C6A4F000C5E335 /* Info.plist */ = {isa = PBXFileReference; lastKnownFileType = text.plist.xml; path = Info.plist; sourceTree = "<group>"; };
/* End PBXFileReference section */

/* Begin PBXFrameworksBuildPhase section */
		481BDF5E26C5942000C5E335 /* Frameworks */ = {
			isa = PBXFrameworksBuildPhase;
			buildActionMask = 2147483647;
			files = (
			);
			runOnlyForDeploymentPostprocessing = 0;
		};
		481BDF9A26C6A4F000C5E335 /* Frameworks */ = {
			isa = PBXFrameworksBuildPhase;
			buildActionMask = 2147483647;
			files = (
			);
			runOnlyForDeploymentPostprocessing = 0;
		};
/* End PBXFrameworksBuildPhase section */

/* Begin PBXGroup section */
		481462E626C6F20700431960 /* Config */ = {
			isa = PBXGroup;
			children = (
				481462E726C6F20E00431960 /* Config.swift */,
			);
			path = Config;
			sourceTree = "<group>";
		};
		481BDF5826C5942000C5E335 = {
			isa = PBXGroup;
			children = (
				481BDF6326C5942000C5E335 /* Sources */,
				481BDF9E26C6A4F000C5E335 /* Tests */,
				481BDF6226C5942000C5E335 /* Products */,
			);
			sourceTree = "<group>";
		};
		481BDF6226C5942000C5E335 /* Products */ = {
			isa = PBXGroup;
			children = (
				481BDF6126C5942000C5E335 /* HoMM3SwiftUI.app */,
				481BDF9D26C6A4F000C5E335 /* Tests.xctest */,
			);
			name = Products;
			sourceTree = "<group>";
		};
		481BDF6326C5942000C5E335 /* Sources */ = {
			isa = PBXGroup;
			children = (
				481BDFA726C6A54D00C5E335 /* Frontend */,
				481BDF7426C659EA00C5E335 /* Backend */,
			);
			path = Sources;
			sourceTree = "<group>";
		};
		481BDF6A26C5942200C5E335 /* Preview Content */ = {
			isa = PBXGroup;
			children = (
				481BDF6B26C5942200C5E335 /* Preview Assets.xcassets */,
			);
			path = "Preview Content";
			sourceTree = "<group>";
		};
		481BDF7426C659EA00C5E335 /* Backend */ = {
			isa = PBXGroup;
			children = (
				481462E626C6F20700431960 /* Config */,
				481BDF8026C6A33800C5E335 /* ResourceAccessor */,
				481BDF7526C659F800C5E335 /* GameFiles */,
			);
			path = Backend;
			sourceTree = "<group>";
		};
		481BDF7526C659F800C5E335 /* GameFiles */ = {
			isa = PBXGroup;
			children = (
				481BDF7D26C6689E00C5E335 /* ResourceLoader */,
				481BDF7626C65A1900C5E335 /* ResourceID.swift */,
			);
			path = GameFiles;
			sourceTree = "<group>";
		};
		481BDF7A26C6686D00C5E335 /* ResourceLoader+Archive */ = {
			isa = PBXGroup;
			children = (
				481BDF7B26C6687E00C5E335 /* ResourceLoader+Archive.swift */,
			);
			path = "ResourceLoader+Archive";
			sourceTree = "<group>";
		};
		481BDF7D26C6689E00C5E335 /* ResourceLoader */ = {
			isa = PBXGroup;
			children = (
				481BDF7826C65CF500C5E335 /* ResourceLoader.swift */,
				481BDF7A26C6686D00C5E335 /* ResourceLoader+Archive */,
			);
			path = ResourceLoader;
			sourceTree = "<group>";
		};
		481BDF8026C6A33800C5E335 /* ResourceAccessor */ = {
			isa = PBXGroup;
			children = (
				481462DE26C6F1F200431960 /* ResourceAccessor.swift */,
				481462F126C6F7D500431960 /* ResourceAccessor+Access.swift */,
				481462DC26C6F1F200431960 /* ResourceAccessor+Directory.swift */,
				481462DD26C6F1F200431960 /* ResourceAccessor+Data.swift */,
				481462DA26C6F1F200431960 /* ResourceAccessor+Maps.swift */,
				481462DB26C6F1F200431960 /* ResourceAccessor+Music.swift */,
				481462E926C6F57900431960 /* ResourceAccessor+File.swift */,
				481462EB26C6F64000431960 /* ResourceKind.swift */,
				481462EF26C6F7BE00431960 /* ResourceAccessor+Error.swift */,
			);
			path = ResourceAccessor;
			sourceTree = "<group>";
		};
		481BDF9E26C6A4F000C5E335 /* Tests */ = {
			isa = PBXGroup;
			children = (
				481BDF9F26C6A4F000C5E335 /* Tests.swift */,
				481BDFA126C6A4F000C5E335 /* Info.plist */,
			);
			path = Tests;
			sourceTree = "<group>";
		};
		481BDFA726C6A54D00C5E335 /* Frontend */ = {
			isa = PBXGroup;
			children = (
				481BDF6426C5942000C5E335 /* HoMM3SwiftUIApp.swift */,
				481BDF6626C5942000C5E335 /* ContentView.swift */,
				481BDF6826C5942200C5E335 /* Assets.xcassets */,
				481BDF6D26C5942200C5E335 /* Info.plist */,
				481BDF6E26C5942200C5E335 /* HoMM3SwiftUI.entitlements */,
				481BDF6A26C5942200C5E335 /* Preview Content */,
			);
			path = Frontend;
			sourceTree = "<group>";
		};
/* End PBXGroup section */

/* Begin PBXNativeTarget section */
		481BDF6026C5942000C5E335 /* HoMM3SwiftUI */ = {
			isa = PBXNativeTarget;
			buildConfigurationList = 481BDF7126C5942200C5E335 /* Build configuration list for PBXNativeTarget "HoMM3SwiftUI" */;
			buildPhases = (
				481BDF5D26C5942000C5E335 /* Sources */,
				481BDF5E26C5942000C5E335 /* Frameworks */,
				481BDF5F26C5942000C5E335 /* Resources */,
			);
			buildRules = (
			);
			dependencies = (
			);
			name = HoMM3SwiftUI;
			productName = HoMM3SwiftUI;
			productReference = 481BDF6126C5942000C5E335 /* HoMM3SwiftUI.app */;
			productType = "com.apple.product-type.application";
		};
		481BDF9C26C6A4F000C5E335 /* Tests */ = {
			isa = PBXNativeTarget;
			buildConfigurationList = 481BDFA426C6A4F000C5E335 /* Build configuration list for PBXNativeTarget "Tests" */;
			buildPhases = (
				481BDF9926C6A4F000C5E335 /* Sources */,
				481BDF9A26C6A4F000C5E335 /* Frameworks */,
				481BDF9B26C6A4F000C5E335 /* Resources */,
			);
			buildRules = (
			);
			dependencies = (
				481BDFA326C6A4F000C5E335 /* PBXTargetDependency */,
			);
			name = Tests;
			productName = Tests;
			productReference = 481BDF9D26C6A4F000C5E335 /* Tests.xctest */;
			productType = "com.apple.product-type.bundle.unit-test";
		};
/* End PBXNativeTarget section */

/* Begin PBXProject section */
		481BDF5926C5942000C5E335 /* Project object */ = {
			isa = PBXProject;
			attributes = {
				LastSwiftUpdateCheck = 1250;
				LastUpgradeCheck = 1250;
				TargetAttributes = {
					481BDF6026C5942000C5E335 = {
						CreatedOnToolsVersion = 12.5;
					};
					481BDF9C26C6A4F000C5E335 = {
						CreatedOnToolsVersion = 12.5;
						TestTargetID = 481BDF6026C5942000C5E335;
					};
				};
			};
			buildConfigurationList = 481BDF5C26C5942000C5E335 /* Build configuration list for PBXProject "HoMM3SwiftUI" */;
			compatibilityVersion = "Xcode 9.3";
			developmentRegion = en;
			hasScannedForEncodings = 0;
			knownRegions = (
				en,
				Base,
			);
			mainGroup = 481BDF5826C5942000C5E335;
			productRefGroup = 481BDF6226C5942000C5E335 /* Products */;
			projectDirPath = "";
			projectRoot = "";
			targets = (
				481BDF6026C5942000C5E335 /* HoMM3SwiftUI */,
				481BDF9C26C6A4F000C5E335 /* Tests */,
			);
		};
/* End PBXProject section */

/* Begin PBXResourcesBuildPhase section */
		481BDF5F26C5942000C5E335 /* Resources */ = {
			isa = PBXResourcesBuildPhase;
			buildActionMask = 2147483647;
			files = (
				481BDF6C26C5942200C5E335 /* Preview Assets.xcassets in Resources */,
				481BDF6926C5942200C5E335 /* Assets.xcassets in Resources */,
			);
			runOnlyForDeploymentPostprocessing = 0;
		};
		481BDF9B26C6A4F000C5E335 /* Resources */ = {
			isa = PBXResourcesBuildPhase;
			buildActionMask = 2147483647;
			files = (
			);
			runOnlyForDeploymentPostprocessing = 0;
		};
/* End PBXResourcesBuildPhase section */

/* Begin PBXSourcesBuildPhase section */
		481BDF5D26C5942000C5E335 /* Sources */ = {
			isa = PBXSourcesBuildPhase;
			buildActionMask = 2147483647;
			files = (
				481462EA26C6F57900431960 /* ResourceAccessor+File.swift in Sources */,
				481462F026C6F7BE00431960 /* ResourceAccessor+Error.swift in Sources */,
				481BDF6726C5942000C5E335 /* ContentView.swift in Sources */,
				481462EC26C6F64000431960 /* ResourceKind.swift in Sources */,
				481BDF6526C5942000C5E335 /* HoMM3SwiftUIApp.swift in Sources */,
				481462DF26C6F1F200431960 /* ResourceAccessor+Maps.swift in Sources */,
				481462E126C6F1F200431960 /* ResourceAccessor+Directory.swift in Sources */,
				481462E826C6F20E00431960 /* Config.swift in Sources */,
				481462F226C6F7D500431960 /* ResourceAccessor+Access.swift in Sources */,
				481BDF7926C65CF500C5E335 /* ResourceLoader.swift in Sources */,
				481462E026C6F1F200431960 /* ResourceAccessor+Music.swift in Sources */,
				481462E326C6F1F200431960 /* ResourceAccessor.swift in Sources */,
				481BDF7C26C6687E00C5E335 /* ResourceLoader+Archive.swift in Sources */,
				481462E226C6F1F200431960 /* ResourceAccessor+Data.swift in Sources */,
				481BDF7726C65A1900C5E335 /* ResourceID.swift in Sources */,
			);
			runOnlyForDeploymentPostprocessing = 0;
		};
		481BDF9926C6A4F000C5E335 /* Sources */ = {
			isa = PBXSourcesBuildPhase;
			buildActionMask = 2147483647;
			files = (
				481BDFA026C6A4F000C5E335 /* Tests.swift in Sources */,
			);
			runOnlyForDeploymentPostprocessing = 0;
		};
/* End PBXSourcesBuildPhase section */

/* Begin PBXTargetDependency section */
		481BDFA326C6A4F000C5E335 /* PBXTargetDependency */ = {
			isa = PBXTargetDependency;
			target = 481BDF6026C5942000C5E335 /* HoMM3SwiftUI */;
			targetProxy = 481BDFA226C6A4F000C5E335 /* PBXContainerItemProxy */;
		};
/* End PBXTargetDependency section */

/* Begin XCBuildConfiguration section */
		481BDF6F26C5942200C5E335 /* Debug */ = {
			isa = XCBuildConfiguration;
			buildSettings = {
				ALWAYS_SEARCH_USER_PATHS = NO;
				CLANG_ANALYZER_NONNULL = YES;
				CLANG_ANALYZER_NUMBER_OBJECT_CONVERSION = YES_AGGRESSIVE;
				CLANG_CXX_LANGUAGE_STANDARD = "gnu++14";
				CLANG_CXX_LIBRARY = "libc++";
				CLANG_ENABLE_MODULES = YES;
				CLANG_ENABLE_OBJC_ARC = YES;
				CLANG_ENABLE_OBJC_WEAK = YES;
				CLANG_WARN_BLOCK_CAPTURE_AUTORELEASING = YES;
				CLANG_WARN_BOOL_CONVERSION = YES;
				CLANG_WARN_COMMA = YES;
				CLANG_WARN_CONSTANT_CONVERSION = YES;
				CLANG_WARN_DEPRECATED_OBJC_IMPLEMENTATIONS = YES;
				CLANG_WARN_DIRECT_OBJC_ISA_USAGE = YES_ERROR;
				CLANG_WARN_DOCUMENTATION_COMMENTS = YES;
				CLANG_WARN_EMPTY_BODY = YES;
				CLANG_WARN_ENUM_CONVERSION = YES;
				CLANG_WARN_INFINITE_RECURSION = YES;
				CLANG_WARN_INT_CONVERSION = YES;
				CLANG_WARN_NON_LITERAL_NULL_CONVERSION = YES;
				CLANG_WARN_OBJC_IMPLICIT_RETAIN_SELF = YES;
				CLANG_WARN_OBJC_LITERAL_CONVERSION = YES;
				CLANG_WARN_OBJC_ROOT_CLASS = YES_ERROR;
				CLANG_WARN_QUOTED_INCLUDE_IN_FRAMEWORK_HEADER = YES;
				CLANG_WARN_RANGE_LOOP_ANALYSIS = YES;
				CLANG_WARN_STRICT_PROTOTYPES = YES;
				CLANG_WARN_SUSPICIOUS_MOVE = YES;
				CLANG_WARN_UNGUARDED_AVAILABILITY = YES_AGGRESSIVE;
				CLANG_WARN_UNREACHABLE_CODE = YES;
				CLANG_WARN__DUPLICATE_METHOD_MATCH = YES;
				COPY_PHASE_STRIP = NO;
				DEBUG_INFORMATION_FORMAT = dwarf;
				ENABLE_STRICT_OBJC_MSGSEND = YES;
				ENABLE_TESTABILITY = YES;
				GCC_C_LANGUAGE_STANDARD = gnu11;
				GCC_DYNAMIC_NO_PIC = NO;
				GCC_NO_COMMON_BLOCKS = YES;
				GCC_OPTIMIZATION_LEVEL = 0;
				GCC_PREPROCESSOR_DEFINITIONS = (
					"DEBUG=1",
					"$(inherited)",
				);
				GCC_WARN_64_TO_32_BIT_CONVERSION = YES;
				GCC_WARN_ABOUT_RETURN_TYPE = YES_ERROR;
				GCC_WARN_UNDECLARED_SELECTOR = YES;
				GCC_WARN_UNINITIALIZED_AUTOS = YES_AGGRESSIVE;
				GCC_WARN_UNUSED_FUNCTION = YES;
				GCC_WARN_UNUSED_VARIABLE = YES;
				MACOSX_DEPLOYMENT_TARGET = 11.3;
				MTL_ENABLE_DEBUG_INFO = INCLUDE_SOURCE;
				MTL_FAST_MATH = YES;
				ONLY_ACTIVE_ARCH = YES;
				SDKROOT = macosx;
				SWIFT_ACTIVE_COMPILATION_CONDITIONS = DEBUG;
				SWIFT_OPTIMIZATION_LEVEL = "-Onone";
			};
			name = Debug;
		};
		481BDF7026C5942200C5E335 /* Release */ = {
			isa = XCBuildConfiguration;
			buildSettings = {
				ALWAYS_SEARCH_USER_PATHS = NO;
				CLANG_ANALYZER_NONNULL = YES;
				CLANG_ANALYZER_NUMBER_OBJECT_CONVERSION = YES_AGGRESSIVE;
				CLANG_CXX_LANGUAGE_STANDARD = "gnu++14";
				CLANG_CXX_LIBRARY = "libc++";
				CLANG_ENABLE_MODULES = YES;
				CLANG_ENABLE_OBJC_ARC = YES;
				CLANG_ENABLE_OBJC_WEAK = YES;
				CLANG_WARN_BLOCK_CAPTURE_AUTORELEASING = YES;
				CLANG_WARN_BOOL_CONVERSION = YES;
				CLANG_WARN_COMMA = YES;
				CLANG_WARN_CONSTANT_CONVERSION = YES;
				CLANG_WARN_DEPRECATED_OBJC_IMPLEMENTATIONS = YES;
				CLANG_WARN_DIRECT_OBJC_ISA_USAGE = YES_ERROR;
				CLANG_WARN_DOCUMENTATION_COMMENTS = YES;
				CLANG_WARN_EMPTY_BODY = YES;
				CLANG_WARN_ENUM_CONVERSION = YES;
				CLANG_WARN_INFINITE_RECURSION = YES;
				CLANG_WARN_INT_CONVERSION = YES;
				CLANG_WARN_NON_LITERAL_NULL_CONVERSION = YES;
				CLANG_WARN_OBJC_IMPLICIT_RETAIN_SELF = YES;
				CLANG_WARN_OBJC_LITERAL_CONVERSION = YES;
				CLANG_WARN_OBJC_ROOT_CLASS = YES_ERROR;
				CLANG_WARN_QUOTED_INCLUDE_IN_FRAMEWORK_HEADER = YES;
				CLANG_WARN_RANGE_LOOP_ANALYSIS = YES;
				CLANG_WARN_STRICT_PROTOTYPES = YES;
				CLANG_WARN_SUSPICIOUS_MOVE = YES;
				CLANG_WARN_UNGUARDED_AVAILABILITY = YES_AGGRESSIVE;
				CLANG_WARN_UNREACHABLE_CODE = YES;
				CLANG_WARN__DUPLICATE_METHOD_MATCH = YES;
				COPY_PHASE_STRIP = NO;
				DEBUG_INFORMATION_FORMAT = "dwarf-with-dsym";
				ENABLE_NS_ASSERTIONS = NO;
				ENABLE_STRICT_OBJC_MSGSEND = YES;
				GCC_C_LANGUAGE_STANDARD = gnu11;
				GCC_NO_COMMON_BLOCKS = YES;
				GCC_WARN_64_TO_32_BIT_CONVERSION = YES;
				GCC_WARN_ABOUT_RETURN_TYPE = YES_ERROR;
				GCC_WARN_UNDECLARED_SELECTOR = YES;
				GCC_WARN_UNINITIALIZED_AUTOS = YES_AGGRESSIVE;
				GCC_WARN_UNUSED_FUNCTION = YES;
				GCC_WARN_UNUSED_VARIABLE = YES;
				MACOSX_DEPLOYMENT_TARGET = 11.3;
				MTL_ENABLE_DEBUG_INFO = NO;
				MTL_FAST_MATH = YES;
				SDKROOT = macosx;
				SWIFT_COMPILATION_MODE = wholemodule;
				SWIFT_OPTIMIZATION_LEVEL = "-O";
			};
			name = Release;
		};
		481BDF7226C5942200C5E335 /* Debug */ = {
			isa = XCBuildConfiguration;
			buildSettings = {
				ASSETCATALOG_COMPILER_APPICON_NAME = AppIcon;
				ASSETCATALOG_COMPILER_GLOBAL_ACCENT_COLOR_NAME = AccentColor;
				CODE_SIGN_ENTITLEMENTS = HoMM3SwiftUI/HoMM3SwiftUI.entitlements;
				CODE_SIGN_STYLE = Automatic;
				COMBINE_HIDPI_IMAGES = YES;
				DEVELOPMENT_ASSET_PATHS = "\"Sources/Frontend/Preview Content\"";
				ENABLE_PREVIEWS = YES;
				INFOPLIST_FILE = Sources/Frontend/Info.plist;
				LD_RUNPATH_SEARCH_PATHS = (
					"$(inherited)",
					"@executable_path/../Frameworks",
				);
				MACOSX_DEPLOYMENT_TARGET = 11.0;
				PRODUCT_BUNDLE_IDENTIFIER = com.cyon.HoMM3SwiftUI;
				PRODUCT_NAME = "$(TARGET_NAME)";
				SWIFT_VERSION = 5.0;
			};
			name = Debug;
		};
		481BDF7326C5942200C5E335 /* Release */ = {
			isa = XCBuildConfiguration;
			buildSettings = {
				ASSETCATALOG_COMPILER_APPICON_NAME = AppIcon;
				ASSETCATALOG_COMPILER_GLOBAL_ACCENT_COLOR_NAME = AccentColor;
				CODE_SIGN_ENTITLEMENTS = HoMM3SwiftUI/HoMM3SwiftUI.entitlements;
				CODE_SIGN_STYLE = Automatic;
				COMBINE_HIDPI_IMAGES = YES;
				DEVELOPMENT_ASSET_PATHS = "\"Sources/Frontend/Preview Content\"";
				ENABLE_PREVIEWS = YES;
				INFOPLIST_FILE = Sources/Frontend/Info.plist;
				LD_RUNPATH_SEARCH_PATHS = (
					"$(inherited)",
					"@executable_path/../Frameworks",
				);
				MACOSX_DEPLOYMENT_TARGET = 11.0;
				PRODUCT_BUNDLE_IDENTIFIER = com.cyon.HoMM3SwiftUI;
				PRODUCT_NAME = "$(TARGET_NAME)";
				SWIFT_VERSION = 5.0;
			};
			name = Release;
		};
		481BDFA526C6A4F000C5E335 /* Debug */ = {
			isa = XCBuildConfiguration;
			buildSettings = {
				BUNDLE_LOADER = "$(TEST_HOST)";
				CODE_SIGN_STYLE = Automatic;
				COMBINE_HIDPI_IMAGES = YES;
				INFOPLIST_FILE = Tests/Info.plist;
				LD_RUNPATH_SEARCH_PATHS = (
					"$(inherited)",
					"@executable_path/../Frameworks",
					"@loader_path/../Frameworks",
				);
				PRODUCT_BUNDLE_IDENTIFIER = com.cyon.Tests;
				PRODUCT_NAME = "$(TARGET_NAME)";
				SWIFT_VERSION = 5.0;
				TEST_HOST = "$(BUILT_PRODUCTS_DIR)/HoMM3SwiftUI.app/Contents/MacOS/HoMM3SwiftUI";
			};
			name = Debug;
		};
		481BDFA626C6A4F000C5E335 /* Release */ = {
			isa = XCBuildConfiguration;
			buildSettings = {
				BUNDLE_LOADER = "$(TEST_HOST)";
				CODE_SIGN_STYLE = Automatic;
				COMBINE_HIDPI_IMAGES = YES;
				INFOPLIST_FILE = Tests/Info.plist;
				LD_RUNPATH_SEARCH_PATHS = (
					"$(inherited)",
					"@executable_path/../Frameworks",
					"@loader_path/../Frameworks",
				);
				PRODUCT_BUNDLE_IDENTIFIER = com.cyon.Tests;
				PRODUCT_NAME = "$(TARGET_NAME)";
				SWIFT_VERSION = 5.0;
				TEST_HOST = "$(BUILT_PRODUCTS_DIR)/HoMM3SwiftUI.app/Contents/MacOS/HoMM3SwiftUI";
			};
			name = Release;
		};
/* End XCBuildConfiguration section */

/* Begin XCConfigurationList section */
		481BDF5C26C5942000C5E335 /* Build configuration list for PBXProject "HoMM3SwiftUI" */ = {
			isa = XCConfigurationList;
			buildConfigurations = (
				481BDF6F26C5942200C5E335 /* Debug */,
				481BDF7026C5942200C5E335 /* Release */,
			);
			defaultConfigurationIsVisible = 0;
			defaultConfigurationName = Release;
		};
		481BDF7126C5942200C5E335 /* Build configuration list for PBXNativeTarget "HoMM3SwiftUI" */ = {
			isa = XCConfigurationList;
			buildConfigurations = (
				481BDF7226C5942200C5E335 /* Debug */,
				481BDF7326C5942200C5E335 /* Release */,
			);
			defaultConfigurationIsVisible = 0;
			defaultConfigurationName = Release;
		};
		481BDFA426C6A4F000C5E335 /* Build configuration list for PBXNativeTarget "Tests" */ = {
			isa = XCConfigurationList;
			buildConfigurations = (
				481BDFA526C6A4F000C5E335 /* Debug */,
				481BDFA626C6A4F000C5E335 /* Release */,
			);
			defaultConfigurationIsVisible = 0;
			defaultConfigurationName = Release;
		};
/* End XCConfigurationList section */
	};
	rootObject = 481BDF5926C5942000C5E335 /* Project object */;
}
